// !$*UTF8*$!
{
	archiveVersion = 1;
	classes = {
	};
	objectVersion = 46;
	objects = {

/* Begin PBXBuildFile section */
		44233E4A1D24CAA000732354 /* main.m in Sources */ = {isa = PBXBuildFile; fileRef = 44233E491D24CAA000732354 /* main.m */; };
		44233E4D1D24CAA000732354 /* AppDelegate.m in Sources */ = {isa = PBXBuildFile; fileRef = 44233E4C1D24CAA000732354 /* AppDelegate.m */; };
		44233E501D24CAA000732354 /* ViewController.m in Sources */ = {isa = PBXBuildFile; fileRef = 44233E4F1D24CAA000732354 /* ViewController.m */; };
		44233E551D24CAA000732354 /* Assets.xcassets in Resources */ = {isa = PBXBuildFile; fileRef = 44233E541D24CAA000732354 /* Assets.xcassets */; };
		44233E651D24CF3300732354 /* JPEngine.m in Sources */ = {isa = PBXBuildFile; fileRef = 44233E631D24CF3300732354 /* JPEngine.m */; };
		44233E661D24CF3300732354 /* JSPatch.js in Resources */ = {isa = PBXBuildFile; fileRef = 44233E641D24CF3300732354 /* JSPatch.js */; };
		44233E681D24CF6F00732354 /* JavaScriptCore.framework in Frameworks */ = {isa = PBXBuildFile; fileRef = 44233E671D24CF6F00732354 /* JavaScriptCore.framework */; };
		44233E6A1D24D03D00732354 /* sample.js in Resources */ = {isa = PBXBuildFile; fileRef = 44233E691D24D03D00732354 /* sample.js */; };
		44233E6C1D25011500732354 /* Demo.js in Resources */ = {isa = PBXBuildFile; fileRef = 44233E6B1D25011500732354 /* Demo.js */; };
		4432D45A1D2E0180003D118E /* Person.m in Sources */ = {isa = PBXBuildFile; fileRef = 4432D4591D2E0180003D118E /* Person.m */; };
		4437E5811D2B9EBE00A653FE /* JPCFunction.m in Sources */ = {isa = PBXBuildFile; fileRef = 4437E5231D2B9EBE00A653FE /* JPCFunction.m */; };
		4437E5821D2B9EBE00A653FE /* JPMemory.m in Sources */ = {isa = PBXBuildFile; fileRef = 4437E5251D2B9EBE00A653FE /* JPMemory.m */; };
		4437E5831D2B9EBE00A653FE /* JPStructPointer.m in Sources */ = {isa = PBXBuildFile; fileRef = 4437E5271D2B9EBE00A653FE /* JPStructPointer.m */; };
		4437E5841D2B9EBE00A653FE /* ffi_arm64.c in Sources */ = {isa = PBXBuildFile; fileRef = 4437E53C1D2B9EBE00A653FE /* ffi_arm64.c */; };
		4437E5851D2B9EBE00A653FE /* sysv_arm64.S in Sources */ = {isa = PBXBuildFile; fileRef = 4437E53D1D2B9EBE00A653FE /* sysv_arm64.S */; };
		4437E5861D2B9EBE00A653FE /* ffi_armv7.c in Sources */ = {isa = PBXBuildFile; fileRef = 4437E53F1D2B9EBE00A653FE /* ffi_armv7.c */; };
		4437E5871D2B9EBE00A653FE /* sysv_armv7.S in Sources */ = {isa = PBXBuildFile; fileRef = 4437E5401D2B9EBE00A653FE /* sysv_armv7.S */; };
		4437E5881D2B9EBE00A653FE /* trampoline_armv7.S in Sources */ = {isa = PBXBuildFile; fileRef = 4437E5411D2B9EBE00A653FE /* trampoline_armv7.S */; };
		4437E5891D2B9EBE00A653FE /* prep_cif.c in Sources */ = {isa = PBXBuildFile; fileRef = 4437E5431D2B9EBE00A653FE /* prep_cif.c */; };
		4437E58A1D2B9EBE00A653FE /* raw_api.c in Sources */ = {isa = PBXBuildFile; fileRef = 4437E5441D2B9EBE00A653FE /* raw_api.c */; };
		4437E58B1D2B9EBE00A653FE /* types.c in Sources */ = {isa = PBXBuildFile; fileRef = 4437E5451D2B9EBE00A653FE /* types.c */; };
		4437E58C1D2B9EBE00A653FE /* darwin64_x86_64.S in Sources */ = {isa = PBXBuildFile; fileRef = 4437E5471D2B9EBE00A653FE /* darwin64_x86_64.S */; };
		4437E58D1D2B9EBE00A653FE /* darwin_i386.S in Sources */ = {isa = PBXBuildFile; fileRef = 4437E5481D2B9EBE00A653FE /* darwin_i386.S */; };
		4437E58E1D2B9EBE00A653FE /* ffi64_x86_64.c in Sources */ = {isa = PBXBuildFile; fileRef = 4437E5491D2B9EBE00A653FE /* ffi64_x86_64.c */; };
		4437E58F1D2B9EBE00A653FE /* ffi_i386.c in Sources */ = {isa = PBXBuildFile; fileRef = 4437E54A1D2B9EBE00A653FE /* ffi_i386.c */; };
		4437E5901D2B9EBE00A653FE /* win32_i386.S in Sources */ = {isa = PBXBuildFile; fileRef = 4437E54B1D2B9EBE00A653FE /* win32_i386.S */; };
		4437E5911D2B9EBE00A653FE /* JPCGBitmapContext.m in Sources */ = {isa = PBXBuildFile; fileRef = 4437E54F1D2B9EBE00A653FE /* JPCGBitmapContext.m */; };
		4437E5921D2B9EBE00A653FE /* JPCGColor.m in Sources */ = {isa = PBXBuildFile; fileRef = 4437E5511D2B9EBE00A653FE /* JPCGColor.m */; };
		4437E5931D2B9EBE00A653FE /* JPCGContext.m in Sources */ = {isa = PBXBuildFile; fileRef = 4437E5531D2B9EBE00A653FE /* JPCGContext.m */; };
		4437E5941D2B9EBE00A653FE /* JPCGGeometry.m in Sources */ = {isa = PBXBuildFile; fileRef = 4437E5551D2B9EBE00A653FE /* JPCGGeometry.m */; };
		4437E5951D2B9EBE00A653FE /* JPCGImage.m in Sources */ = {isa = PBXBuildFile; fileRef = 4437E5571D2B9EBE00A653FE /* JPCGImage.m */; };
		4437E5961D2B9EBE00A653FE /* JPCGPath.m in Sources */ = {isa = PBXBuildFile; fileRef = 4437E5591D2B9EBE00A653FE /* JPCGPath.m */; };
		4437E5971D2B9EBE00A653FE /* JPCGTransform.m in Sources */ = {isa = PBXBuildFile; fileRef = 4437E55B1D2B9EBE00A653FE /* JPCGTransform.m */; };
		4437E5981D2B9EBE00A653FE /* JPCoreGraphics.m in Sources */ = {isa = PBXBuildFile; fileRef = 4437E55D1D2B9EBE00A653FE /* JPCoreGraphics.m */; };
		4437E5991D2B9EBE00A653FE /* JPUIGeometry.m in Sources */ = {isa = PBXBuildFile; fileRef = 4437E5601D2B9EBE00A653FE /* JPUIGeometry.m */; };
		4437E59A1D2B9EBE00A653FE /* JPUIGraphics.m in Sources */ = {isa = PBXBuildFile; fileRef = 4437E5621D2B9EBE00A653FE /* JPUIGraphics.m */; };
		4437E59B1D2B9EBE00A653FE /* JPUIImage.m in Sources */ = {isa = PBXBuildFile; fileRef = 4437E5641D2B9EBE00A653FE /* JPUIImage.m */; };
		4437E59C1D2B9EBE00A653FE /* JPUIKit.m in Sources */ = {isa = PBXBuildFile; fileRef = 4437E5661D2B9EBE00A653FE /* JPUIKit.m */; };
		4437E59D1D2B9EBE00A653FE /* JPCleaner.m in Sources */ = {isa = PBXBuildFile; fileRef = 4437E5681D2B9EBE00A653FE /* JPCleaner.m */; };
		4437E59E1D2B9EBE00A653FE /* JPLocker.m in Sources */ = {isa = PBXBuildFile; fileRef = 4437E56A1D2B9EBE00A653FE /* JPLocker.m */; };
		4437E59F1D2B9EBE00A653FE /* JPSpecialInit.m in Sources */ = {isa = PBXBuildFile; fileRef = 4437E56C1D2B9EBE00A653FE /* JPSpecialInit.m */; };
		4437E5A01D2B9EBE00A653FE /* JPLoader.m in Sources */ = {isa = PBXBuildFile; fileRef = 4437E56F1D2B9EBE00A653FE /* JPLoader.m */; };
		4437E5A11D2B9EBE00A653FE /* ioapi.c in Sources */ = {isa = PBXBuildFile; fileRef = 4437E5731D2B9EBE00A653FE /* ioapi.c */; };
		4437E5A21D2B9EBE00A653FE /* mztools.c in Sources */ = {isa = PBXBuildFile; fileRef = 4437E5751D2B9EBE00A653FE /* mztools.c */; };
		4437E5A31D2B9EBE00A653FE /* unzip.c in Sources */ = {isa = PBXBuildFile; fileRef = 4437E5771D2B9EBE00A653FE /* unzip.c */; };
		4437E5A41D2B9EBE00A653FE /* zip.c in Sources */ = {isa = PBXBuildFile; fileRef = 4437E5791D2B9EBE00A653FE /* zip.c */; };
		4437E5A51D2B9EBE00A653FE /* RSAObject.m in Sources */ = {isa = PBXBuildFile; fileRef = 4437E57C1D2B9EBE00A653FE /* RSAObject.m */; };
		4437E5A61D2B9EBE00A653FE /* ZipArchive.m in Sources */ = {isa = PBXBuildFile; fileRef = 4437E57E1D2B9EBE00A653FE /* ZipArchive.m */; };
		4437E5A71D2B9EBE00A653FE /* packer.php in Resources */ = {isa = PBXBuildFile; fileRef = 4437E5801D2B9EBE00A653FE /* packer.php */; };
		4437E5AC1D2BA36500A653FE /* libz.1.tbd in Frameworks */ = {isa = PBXBuildFile; fileRef = 4437E5A81D2B9F0100A653FE /* libz.1.tbd */; };
		4437E5AE1D2BB59E00A653FE /* aboutIcon@3x.png in Resources */ = {isa = PBXBuildFile; fileRef = 4437E5AD1D2BB59E00A653FE /* aboutIcon@3x.png */; };
		445078DA1D2608A20004B7CC /* JSDemo.js in Resources */ = {isa = PBXBuildFile; fileRef = 445078D91D2608A20004B7CC /* JSDemo.js */; };
		445EB67C1D499D35000F93BD /* main.js in Resources */ = {isa = PBXBuildFile; fileRef = 445EB67B1D499D35000F93BD /* main.js */; };
		445EB6801D49B303000F93BD /* key in Resources */ = {isa = PBXBuildFile; fileRef = 445EB67F1D49B303000F93BD /* key */; };
		4475CEA11D2D0587003F2CEC /* CoreTelephony.framework in Frameworks */ = {isa = PBXBuildFile; fileRef = 4475CEA01D2D0587003F2CEC /* CoreTelephony.framework */; };
		44C1CD371D2F865B003FEE07 /* MASCompositeConstraint.m in Sources */ = {isa = PBXBuildFile; fileRef = 44C1CD1F1D2F865B003FEE07 /* MASCompositeConstraint.m */; };
		44C1CD381D2F865B003FEE07 /* MASConstraint.m in Sources */ = {isa = PBXBuildFile; fileRef = 44C1CD221D2F865B003FEE07 /* MASConstraint.m */; };
		44C1CD391D2F865B003FEE07 /* MASConstraintMaker.m in Sources */ = {isa = PBXBuildFile; fileRef = 44C1CD241D2F865B003FEE07 /* MASConstraintMaker.m */; };
		44C1CD3A1D2F865B003FEE07 /* MASLayoutConstraint.m in Sources */ = {isa = PBXBuildFile; fileRef = 44C1CD261D2F865B003FEE07 /* MASLayoutConstraint.m */; };
		44C1CD3B1D2F865B003FEE07 /* MASViewAttribute.m in Sources */ = {isa = PBXBuildFile; fileRef = 44C1CD2A1D2F865B003FEE07 /* MASViewAttribute.m */; };
		44C1CD3C1D2F865B003FEE07 /* MASViewConstraint.m in Sources */ = {isa = PBXBuildFile; fileRef = 44C1CD2C1D2F865B003FEE07 /* MASViewConstraint.m */; };
		44C1CD3D1D2F865B003FEE07 /* NSArray+MASAdditions.m in Sources */ = {isa = PBXBuildFile; fileRef = 44C1CD2E1D2F865B003FEE07 /* NSArray+MASAdditions.m */; };
		44C1CD3E1D2F865B003FEE07 /* NSLayoutConstraint+MASDebugAdditions.m in Sources */ = {isa = PBXBuildFile; fileRef = 44C1CD311D2F865B003FEE07 /* NSLayoutConstraint+MASDebugAdditions.m */; };
		44C1CD3F1D2F865B003FEE07 /* View+MASAdditions.m in Sources */ = {isa = PBXBuildFile; fileRef = 44C1CD331D2F865B003FEE07 /* View+MASAdditions.m */; };
		44C1CD401D2F865B003FEE07 /* ViewController+MASAdditions.m in Sources */ = {isa = PBXBuildFile; fileRef = 44C1CD361D2F865B003FEE07 /* ViewController+MASAdditions.m */; };
		44F6FC6E1D2E335700BCE1E0 /* person.js in Resources */ = {isa = PBXBuildFile; fileRef = 44F6FC6D1D2E335700BCE1E0 /* person.js */; };
		44FBA53B1D3E22D00024C780 /* BBRSACryptor.m in Sources */ = {isa = PBXBuildFile; fileRef = 44FBA4E51D3E22CF0024C780 /* BBRSACryptor.m */; };
		44FBA53C1D3E22D00024C780 /* GTMBase64.m in Sources */ = {isa = PBXBuildFile; fileRef = 44FBA4E81D3E22CF0024C780 /* GTMBase64.m */; };
		44FBA53D1D3E22D00024C780 /* libcrypto.a in Frameworks */ = {isa = PBXBuildFile; fileRef = 44FBA5391D3E22D00024C780 /* libcrypto.a */; };
		44FBA53E1D3E22D00024C780 /* libssl.a in Frameworks */ = {isa = PBXBuildFile; fileRef = 44FBA53A1D3E22D00024C780 /* libssl.a */; };
/* End PBXBuildFile section */

/* Begin PBXFileReference section */
		44233E451D24CAA000732354 /* JSPatchExpress.app */ = {isa = PBXFileReference; explicitFileType = wrapper.application; includeInIndex = 0; path = JSPatchExpress.app; sourceTree = BUILT_PRODUCTS_DIR; };
		44233E491D24CAA000732354 /* main.m */ = {isa = PBXFileReference; lastKnownFileType = sourcecode.c.objc; path = main.m; sourceTree = "<group>"; };
		44233E4B1D24CAA000732354 /* AppDelegate.h */ = {isa = PBXFileReference; lastKnownFileType = sourcecode.c.h; path = AppDelegate.h; sourceTree = "<group>"; };
		44233E4C1D24CAA000732354 /* AppDelegate.m */ = {isa = PBXFileReference; lastKnownFileType = sourcecode.c.objc; path = AppDelegate.m; sourceTree = "<group>"; };
		44233E4E1D24CAA000732354 /* ViewController.h */ = {isa = PBXFileReference; lastKnownFileType = sourcecode.c.h; path = ViewController.h; sourceTree = "<group>"; };
		44233E4F1D24CAA000732354 /* ViewController.m */ = {isa = PBXFileReference; lastKnownFileType = sourcecode.c.objc; path = ViewController.m; sourceTree = "<group>"; };
		44233E541D24CAA000732354 /* Assets.xcassets */ = {isa = PBXFileReference; lastKnownFileType = folder.assetcatalog; path = Assets.xcassets; sourceTree = "<group>"; };
		44233E591D24CAA000732354 /* Info.plist */ = {isa = PBXFileReference; lastKnownFileType = text.plist.xml; path = Info.plist; sourceTree = "<group>"; };
		44233E621D24CF3300732354 /* JPEngine.h */ = {isa = PBXFileReference; fileEncoding = 4; lastKnownFileType = sourcecode.c.h; path = JPEngine.h; sourceTree = "<group>"; };
		44233E631D24CF3300732354 /* JPEngine.m */ = {isa = PBXFileReference; fileEncoding = 4; lastKnownFileType = sourcecode.c.objc; path = JPEngine.m; sourceTree = "<group>"; };
		44233E641D24CF3300732354 /* JSPatch.js */ = {isa = PBXFileReference; fileEncoding = 4; lastKnownFileType = sourcecode.javascript; path = JSPatch.js; sourceTree = "<group>"; };
		44233E671D24CF6F00732354 /* JavaScriptCore.framework */ = {isa = PBXFileReference; lastKnownFileType = wrapper.framework; name = JavaScriptCore.framework; path = System/Library/Frameworks/JavaScriptCore.framework; sourceTree = SDKROOT; };
		44233E691D24D03D00732354 /* sample.js */ = {isa = PBXFileReference; fileEncoding = 4; lastKnownFileType = sourcecode.javascript; path = sample.js; sourceTree = "<group>"; };
		44233E6B1D25011500732354 /* Demo.js */ = {isa = PBXFileReference; fileEncoding = 4; lastKnownFileType = sourcecode.javascript; path = Demo.js; sourceTree = "<group>"; };
		4432D4581D2E0180003D118E /* Person.h */ = {isa = PBXFileReference; fileEncoding = 4; lastKnownFileType = sourcecode.c.h; path = Person.h; sourceTree = "<group>"; };
		4432D4591D2E0180003D118E /* Person.m */ = {isa = PBXFileReference; fileEncoding = 4; lastKnownFileType = sourcecode.c.objc; path = Person.m; sourceTree = "<group>"; };
		4437E5221D2B9EBE00A653FE /* JPCFunction.h */ = {isa = PBXFileReference; fileEncoding = 4; lastKnownFileType = sourcecode.c.h; path = JPCFunction.h; sourceTree = "<group>"; };
		4437E5231D2B9EBE00A653FE /* JPCFunction.m */ = {isa = PBXFileReference; fileEncoding = 4; lastKnownFileType = sourcecode.c.objc; path = JPCFunction.m; sourceTree = "<group>"; };
		4437E5241D2B9EBE00A653FE /* JPMemory.h */ = {isa = PBXFileReference; fileEncoding = 4; lastKnownFileType = sourcecode.c.h; path = JPMemory.h; sourceTree = "<group>"; };
		4437E5251D2B9EBE00A653FE /* JPMemory.m */ = {isa = PBXFileReference; fileEncoding = 4; lastKnownFileType = sourcecode.c.objc; path = JPMemory.m; sourceTree = "<group>"; };
		4437E5261D2B9EBE00A653FE /* JPStructPointer.h */ = {isa = PBXFileReference; fileEncoding = 4; lastKnownFileType = sourcecode.c.h; path = JPStructPointer.h; sourceTree = "<group>"; };
		4437E5271D2B9EBE00A653FE /* JPStructPointer.m */ = {isa = PBXFileReference; fileEncoding = 4; lastKnownFileType = sourcecode.c.objc; path = JPStructPointer.m; sourceTree = "<group>"; };
		4437E52A1D2B9EBE00A653FE /* ffi.h */ = {isa = PBXFileReference; fileEncoding = 4; lastKnownFileType = sourcecode.c.h; path = ffi.h; sourceTree = "<group>"; };
		4437E52B1D2B9EBE00A653FE /* ffi_arm64.h */ = {isa = PBXFileReference; fileEncoding = 4; lastKnownFileType = sourcecode.c.h; path = ffi_arm64.h; sourceTree = "<group>"; };
		4437E52C1D2B9EBE00A653FE /* ffi_armv7.h */ = {isa = PBXFileReference; fileEncoding = 4; lastKnownFileType = sourcecode.c.h; path = ffi_armv7.h; sourceTree = "<group>"; };
		4437E52D1D2B9EBE00A653FE /* ffi_common.h */ = {isa = PBXFileReference; fileEncoding = 4; lastKnownFileType = sourcecode.c.h; path = ffi_common.h; sourceTree = "<group>"; };
		4437E52E1D2B9EBE00A653FE /* ffi_i386.h */ = {isa = PBXFileReference; fileEncoding = 4; lastKnownFileType = sourcecode.c.h; path = ffi_i386.h; sourceTree = "<group>"; };
		4437E52F1D2B9EBE00A653FE /* ffi_x86_64.h */ = {isa = PBXFileReference; fileEncoding = 4; lastKnownFileType = sourcecode.c.h; path = ffi_x86_64.h; sourceTree = "<group>"; };
		4437E5301D2B9EBE00A653FE /* fficonfig.h */ = {isa = PBXFileReference; fileEncoding = 4; lastKnownFileType = sourcecode.c.h; path = fficonfig.h; sourceTree = "<group>"; };
		4437E5311D2B9EBE00A653FE /* fficonfig_arm64.h */ = {isa = PBXFileReference; fileEncoding = 4; lastKnownFileType = sourcecode.c.h; path = fficonfig_arm64.h; sourceTree = "<group>"; };
		4437E5321D2B9EBE00A653FE /* fficonfig_armv7.h */ = {isa = PBXFileReference; fileEncoding = 4; lastKnownFileType = sourcecode.c.h; path = fficonfig_armv7.h; sourceTree = "<group>"; };
		4437E5331D2B9EBE00A653FE /* fficonfig_i386.h */ = {isa = PBXFileReference; fileEncoding = 4; lastKnownFileType = sourcecode.c.h; path = fficonfig_i386.h; sourceTree = "<group>"; };
		4437E5341D2B9EBE00A653FE /* fficonfig_x86_64.h */ = {isa = PBXFileReference; fileEncoding = 4; lastKnownFileType = sourcecode.c.h; path = fficonfig_x86_64.h; sourceTree = "<group>"; };
		4437E5351D2B9EBE00A653FE /* ffitarget.h */ = {isa = PBXFileReference; fileEncoding = 4; lastKnownFileType = sourcecode.c.h; path = ffitarget.h; sourceTree = "<group>"; };
		4437E5361D2B9EBE00A653FE /* ffitarget_arm64.h */ = {isa = PBXFileReference; fileEncoding = 4; lastKnownFileType = sourcecode.c.h; path = ffitarget_arm64.h; sourceTree = "<group>"; };
		4437E5371D2B9EBE00A653FE /* ffitarget_armv7.h */ = {isa = PBXFileReference; fileEncoding = 4; lastKnownFileType = sourcecode.c.h; path = ffitarget_armv7.h; sourceTree = "<group>"; };
		4437E5381D2B9EBE00A653FE /* ffitarget_i386.h */ = {isa = PBXFileReference; fileEncoding = 4; lastKnownFileType = sourcecode.c.h; path = ffitarget_i386.h; sourceTree = "<group>"; };
		4437E5391D2B9EBE00A653FE /* ffitarget_x86_64.h */ = {isa = PBXFileReference; fileEncoding = 4; lastKnownFileType = sourcecode.c.h; path = ffitarget_x86_64.h; sourceTree = "<group>"; };
		4437E53C1D2B9EBE00A653FE /* ffi_arm64.c */ = {isa = PBXFileReference; fileEncoding = 4; lastKnownFileType = sourcecode.c.c; path = ffi_arm64.c; sourceTree = "<group>"; };
		4437E53D1D2B9EBE00A653FE /* sysv_arm64.S */ = {isa = PBXFileReference; fileEncoding = 4; lastKnownFileType = sourcecode.asm; path = sysv_arm64.S; sourceTree = "<group>"; };
		4437E53F1D2B9EBE00A653FE /* ffi_armv7.c */ = {isa = PBXFileReference; fileEncoding = 4; lastKnownFileType = sourcecode.c.c; path = ffi_armv7.c; sourceTree = "<group>"; };
		4437E5401D2B9EBE00A653FE /* sysv_armv7.S */ = {isa = PBXFileReference; fileEncoding = 4; lastKnownFileType = sourcecode.asm; path = sysv_armv7.S; sourceTree = "<group>"; };
		4437E5411D2B9EBE00A653FE /* trampoline_armv7.S */ = {isa = PBXFileReference; fileEncoding = 4; lastKnownFileType = sourcecode.asm; path = trampoline_armv7.S; sourceTree = "<group>"; };
		4437E5431D2B9EBE00A653FE /* prep_cif.c */ = {isa = PBXFileReference; fileEncoding = 4; lastKnownFileType = sourcecode.c.c; path = prep_cif.c; sourceTree = "<group>"; };
		4437E5441D2B9EBE00A653FE /* raw_api.c */ = {isa = PBXFileReference; fileEncoding = 4; lastKnownFileType = sourcecode.c.c; path = raw_api.c; sourceTree = "<group>"; };
		4437E5451D2B9EBE00A653FE /* types.c */ = {isa = PBXFileReference; fileEncoding = 4; lastKnownFileType = sourcecode.c.c; path = types.c; sourceTree = "<group>"; };
		4437E5471D2B9EBE00A653FE /* darwin64_x86_64.S */ = {isa = PBXFileReference; fileEncoding = 4; lastKnownFileType = sourcecode.asm; path = darwin64_x86_64.S; sourceTree = "<group>"; };
		4437E5481D2B9EBE00A653FE /* darwin_i386.S */ = {isa = PBXFileReference; fileEncoding = 4; lastKnownFileType = sourcecode.asm; path = darwin_i386.S; sourceTree = "<group>"; };
		4437E5491D2B9EBE00A653FE /* ffi64_x86_64.c */ = {isa = PBXFileReference; fileEncoding = 4; lastKnownFileType = sourcecode.c.c; path = ffi64_x86_64.c; sourceTree = "<group>"; };
		4437E54A1D2B9EBE00A653FE /* ffi_i386.c */ = {isa = PBXFileReference; fileEncoding = 4; lastKnownFileType = sourcecode.c.c; path = ffi_i386.c; sourceTree = "<group>"; };
		4437E54B1D2B9EBE00A653FE /* win32_i386.S */ = {isa = PBXFileReference; fileEncoding = 4; lastKnownFileType = sourcecode.asm; path = win32_i386.S; sourceTree = "<group>"; };
		4437E54E1D2B9EBE00A653FE /* JPCGBitmapContext.h */ = {isa = PBXFileReference; fileEncoding = 4; lastKnownFileType = sourcecode.c.h; path = JPCGBitmapContext.h; sourceTree = "<group>"; };
		4437E54F1D2B9EBE00A653FE /* JPCGBitmapContext.m */ = {isa = PBXFileReference; fileEncoding = 4; lastKnownFileType = sourcecode.c.objc; path = JPCGBitmapContext.m; sourceTree = "<group>"; };
		4437E5501D2B9EBE00A653FE /* JPCGColor.h */ = {isa = PBXFileReference; fileEncoding = 4; lastKnownFileType = sourcecode.c.h; path = JPCGColor.h; sourceTree = "<group>"; };
		4437E5511D2B9EBE00A653FE /* JPCGColor.m */ = {isa = PBXFileReference; fileEncoding = 4; lastKnownFileType = sourcecode.c.objc; path = JPCGColor.m; sourceTree = "<group>"; };
		4437E5521D2B9EBE00A653FE /* JPCGContext.h */ = {isa = PBXFileReference; fileEncoding = 4; lastKnownFileType = sourcecode.c.h; path = JPCGContext.h; sourceTree = "<group>"; };
		4437E5531D2B9EBE00A653FE /* JPCGContext.m */ = {isa = PBXFileReference; fileEncoding = 4; lastKnownFileType = sourcecode.c.objc; path = JPCGContext.m; sourceTree = "<group>"; };
		4437E5541D2B9EBE00A653FE /* JPCGGeometry.h */ = {isa = PBXFileReference; fileEncoding = 4; lastKnownFileType = sourcecode.c.h; path = JPCGGeometry.h; sourceTree = "<group>"; };
		4437E5551D2B9EBE00A653FE /* JPCGGeometry.m */ = {isa = PBXFileReference; fileEncoding = 4; lastKnownFileType = sourcecode.c.objc; path = JPCGGeometry.m; sourceTree = "<group>"; };
		4437E5561D2B9EBE00A653FE /* JPCGImage.h */ = {isa = PBXFileReference; fileEncoding = 4; lastKnownFileType = sourcecode.c.h; path = JPCGImage.h; sourceTree = "<group>"; };
		4437E5571D2B9EBE00A653FE /* JPCGImage.m */ = {isa = PBXFileReference; fileEncoding = 4; lastKnownFileType = sourcecode.c.objc; path = JPCGImage.m; sourceTree = "<group>"; };
		4437E5581D2B9EBE00A653FE /* JPCGPath.h */ = {isa = PBXFileReference; fileEncoding = 4; lastKnownFileType = sourcecode.c.h; path = JPCGPath.h; sourceTree = "<group>"; };
		4437E5591D2B9EBE00A653FE /* JPCGPath.m */ = {isa = PBXFileReference; fileEncoding = 4; lastKnownFileType = sourcecode.c.objc; path = JPCGPath.m; sourceTree = "<group>"; };
		4437E55A1D2B9EBE00A653FE /* JPCGTransform.h */ = {isa = PBXFileReference; fileEncoding = 4; lastKnownFileType = sourcecode.c.h; path = JPCGTransform.h; sourceTree = "<group>"; };
		4437E55B1D2B9EBE00A653FE /* JPCGTransform.m */ = {isa = PBXFileReference; fileEncoding = 4; lastKnownFileType = sourcecode.c.objc; path = JPCGTransform.m; sourceTree = "<group>"; };
		4437E55C1D2B9EBE00A653FE /* JPCoreGraphics.h */ = {isa = PBXFileReference; fileEncoding = 4; lastKnownFileType = sourcecode.c.h; path = JPCoreGraphics.h; sourceTree = "<group>"; };
		4437E55D1D2B9EBE00A653FE /* JPCoreGraphics.m */ = {isa = PBXFileReference; fileEncoding = 4; lastKnownFileType = sourcecode.c.objc; path = JPCoreGraphics.m; sourceTree = "<group>"; };
		4437E55F1D2B9EBE00A653FE /* JPUIGeometry.h */ = {isa = PBXFileReference; fileEncoding = 4; lastKnownFileType = sourcecode.c.h; path = JPUIGeometry.h; sourceTree = "<group>"; };
		4437E5601D2B9EBE00A653FE /* JPUIGeometry.m */ = {isa = PBXFileReference; fileEncoding = 4; lastKnownFileType = sourcecode.c.objc; path = JPUIGeometry.m; sourceTree = "<group>"; };
		4437E5611D2B9EBE00A653FE /* JPUIGraphics.h */ = {isa = PBXFileReference; fileEncoding = 4; lastKnownFileType = sourcecode.c.h; path = JPUIGraphics.h; sourceTree = "<group>"; };
		4437E5621D2B9EBE00A653FE /* JPUIGraphics.m */ = {isa = PBXFileReference; fileEncoding = 4; lastKnownFileType = sourcecode.c.objc; path = JPUIGraphics.m; sourceTree = "<group>"; };
		4437E5631D2B9EBE00A653FE /* JPUIImage.h */ = {isa = PBXFileReference; fileEncoding = 4; lastKnownFileType = sourcecode.c.h; path = JPUIImage.h; sourceTree = "<group>"; };
		4437E5641D2B9EBE00A653FE /* JPUIImage.m */ = {isa = PBXFileReference; fileEncoding = 4; lastKnownFileType = sourcecode.c.objc; path = JPUIImage.m; sourceTree = "<group>"; };
		4437E5651D2B9EBE00A653FE /* JPUIKit.h */ = {isa = PBXFileReference; fileEncoding = 4; lastKnownFileType = sourcecode.c.h; path = JPUIKit.h; sourceTree = "<group>"; };
		4437E5661D2B9EBE00A653FE /* JPUIKit.m */ = {isa = PBXFileReference; fileEncoding = 4; lastKnownFileType = sourcecode.c.objc; path = JPUIKit.m; sourceTree = "<group>"; };
		4437E5671D2B9EBE00A653FE /* JPCleaner.h */ = {isa = PBXFileReference; fileEncoding = 4; lastKnownFileType = sourcecode.c.h; path = JPCleaner.h; sourceTree = "<group>"; };
		4437E5681D2B9EBE00A653FE /* JPCleaner.m */ = {isa = PBXFileReference; fileEncoding = 4; lastKnownFileType = sourcecode.c.objc; path = JPCleaner.m; sourceTree = "<group>"; };
		4437E5691D2B9EBE00A653FE /* JPLocker.h */ = {isa = PBXFileReference; fileEncoding = 4; lastKnownFileType = sourcecode.c.h; path = JPLocker.h; sourceTree = "<group>"; };
		4437E56A1D2B9EBE00A653FE /* JPLocker.m */ = {isa = PBXFileReference; fileEncoding = 4; lastKnownFileType = sourcecode.c.objc; path = JPLocker.m; sourceTree = "<group>"; };
		4437E56B1D2B9EBE00A653FE /* JPSpecialInit.h */ = {isa = PBXFileReference; fileEncoding = 4; lastKnownFileType = sourcecode.c.h; path = JPSpecialInit.h; sourceTree = "<group>"; };
		4437E56C1D2B9EBE00A653FE /* JPSpecialInit.m */ = {isa = PBXFileReference; fileEncoding = 4; lastKnownFileType = sourcecode.c.objc; path = JPSpecialInit.m; sourceTree = "<group>"; };
		4437E56E1D2B9EBE00A653FE /* JPLoader.h */ = {isa = PBXFileReference; fileEncoding = 4; lastKnownFileType = sourcecode.c.h; path = JPLoader.h; sourceTree = "<group>"; };
		4437E56F1D2B9EBE00A653FE /* JPLoader.m */ = {isa = PBXFileReference; fileEncoding = 4; lastKnownFileType = sourcecode.c.objc; path = JPLoader.m; sourceTree = "<group>"; };
		4437E5721D2B9EBE00A653FE /* crypt.h */ = {isa = PBXFileReference; fileEncoding = 4; lastKnownFileType = sourcecode.c.h; path = crypt.h; sourceTree = "<group>"; };
		4437E5731D2B9EBE00A653FE /* ioapi.c */ = {isa = PBXFileReference; fileEncoding = 4; lastKnownFileType = sourcecode.c.c; path = ioapi.c; sourceTree = "<group>"; };
		4437E5741D2B9EBE00A653FE /* ioapi.h */ = {isa = PBXFileReference; fileEncoding = 4; lastKnownFileType = sourcecode.c.h; path = ioapi.h; sourceTree = "<group>"; };
		4437E5751D2B9EBE00A653FE /* mztools.c */ = {isa = PBXFileReference; fileEncoding = 4; lastKnownFileType = sourcecode.c.c; path = mztools.c; sourceTree = "<group>"; };
		4437E5761D2B9EBE00A653FE /* mztools.h */ = {isa = PBXFileReference; fileEncoding = 4; lastKnownFileType = sourcecode.c.h; path = mztools.h; sourceTree = "<group>"; };
		4437E5771D2B9EBE00A653FE /* unzip.c */ = {isa = PBXFileReference; fileEncoding = 4; lastKnownFileType = sourcecode.c.c; path = unzip.c; sourceTree = "<group>"; };
		4437E5781D2B9EBE00A653FE /* unzip.h */ = {isa = PBXFileReference; fileEncoding = 4; lastKnownFileType = sourcecode.c.h; path = unzip.h; sourceTree = "<group>"; };
		4437E5791D2B9EBE00A653FE /* zip.c */ = {isa = PBXFileReference; fileEncoding = 4; lastKnownFileType = sourcecode.c.c; path = zip.c; sourceTree = "<group>"; };
		4437E57A1D2B9EBE00A653FE /* zip.h */ = {isa = PBXFileReference; fileEncoding = 4; lastKnownFileType = sourcecode.c.h; path = zip.h; sourceTree = "<group>"; };
		4437E57B1D2B9EBE00A653FE /* RSAObject.h */ = {isa = PBXFileReference; fileEncoding = 4; lastKnownFileType = sourcecode.c.h; path = RSAObject.h; sourceTree = "<group>"; };
		4437E57C1D2B9EBE00A653FE /* RSAObject.m */ = {isa = PBXFileReference; fileEncoding = 4; lastKnownFileType = sourcecode.c.objc; path = RSAObject.m; sourceTree = "<group>"; };
		4437E57D1D2B9EBE00A653FE /* ZipArchive.h */ = {isa = PBXFileReference; fileEncoding = 4; lastKnownFileType = sourcecode.c.h; path = ZipArchive.h; sourceTree = "<group>"; };
		4437E57E1D2B9EBE00A653FE /* ZipArchive.m */ = {isa = PBXFileReference; fileEncoding = 4; lastKnownFileType = sourcecode.c.objc; path = ZipArchive.m; sourceTree = "<group>"; };
		4437E5801D2B9EBE00A653FE /* packer.php */ = {isa = PBXFileReference; fileEncoding = 4; lastKnownFileType = text.script.php; path = packer.php; sourceTree = "<group>"; };
		4437E5A81D2B9F0100A653FE /* libz.1.tbd */ = {isa = PBXFileReference; lastKnownFileType = "sourcecode.text-based-dylib-definition"; name = libz.1.tbd; path = usr/lib/libz.1.tbd; sourceTree = SDKROOT; };
		4437E5AA1D2BA35100A653FE /* libz.tbd */ = {isa = PBXFileReference; lastKnownFileType = "sourcecode.text-based-dylib-definition"; name = libz.tbd; path = usr/lib/libz.tbd; sourceTree = SDKROOT; };
		4437E5AD1D2BB59E00A653FE /* aboutIcon@3x.png */ = {isa = PBXFileReference; lastKnownFileType = image.png; path = "aboutIcon@3x.png"; sourceTree = "<group>"; };
		445078D91D2608A20004B7CC /* JSDemo.js */ = {isa = PBXFileReference; fileEncoding = 4; lastKnownFileType = sourcecode.javascript; path = JSDemo.js; sourceTree = "<group>"; };
		445EB67B1D499D35000F93BD /* main.js */ = {isa = PBXFileReference; fileEncoding = 4; lastKnownFileType = sourcecode.javascript; path = main.js; sourceTree = "<group>"; };
		445EB67F1D49B303000F93BD /* key */ = {isa = PBXFileReference; fileEncoding = 4; lastKnownFileType = text; path = key; sourceTree = "<group>"; };
		4475CEA01D2D0587003F2CEC /* CoreTelephony.framework */ = {isa = PBXFileReference; lastKnownFileType = wrapper.framework; name = CoreTelephony.framework; path = System/Library/Frameworks/CoreTelephony.framework; sourceTree = SDKROOT; };
		44C1CD1E1D2F865B003FEE07 /* MASCompositeConstraint.h */ = {isa = PBXFileReference; fileEncoding = 4; lastKnownFileType = sourcecode.c.h; path = MASCompositeConstraint.h; sourceTree = "<group>"; };
		44C1CD1F1D2F865B003FEE07 /* MASCompositeConstraint.m */ = {isa = PBXFileReference; fileEncoding = 4; lastKnownFileType = sourcecode.c.objc; path = MASCompositeConstraint.m; sourceTree = "<group>"; };
		44C1CD201D2F865B003FEE07 /* MASConstraint+Private.h */ = {isa = PBXFileReference; fileEncoding = 4; lastKnownFileType = sourcecode.c.h; path = "MASConstraint+Private.h"; sourceTree = "<group>"; };
		44C1CD211D2F865B003FEE07 /* MASConstraint.h */ = {isa = PBXFileReference; fileEncoding = 4; lastKnownFileType = sourcecode.c.h; path = MASConstraint.h; sourceTree = "<group>"; };
		44C1CD221D2F865B003FEE07 /* MASConstraint.m */ = {isa = PBXFileReference; fileEncoding = 4; lastKnownFileType = sourcecode.c.objc; path = MASConstraint.m; sourceTree = "<group>"; };
		44C1CD231D2F865B003FEE07 /* MASConstraintMaker.h */ = {isa = PBXFileReference; fileEncoding = 4; lastKnownFileType = sourcecode.c.h; path = MASConstraintMaker.h; sourceTree = "<group>"; };
		44C1CD241D2F865B003FEE07 /* MASConstraintMaker.m */ = {isa = PBXFileReference; fileEncoding = 4; lastKnownFileType = sourcecode.c.objc; path = MASConstraintMaker.m; sourceTree = "<group>"; };
		44C1CD251D2F865B003FEE07 /* MASLayoutConstraint.h */ = {isa = PBXFileReference; fileEncoding = 4; lastKnownFileType = sourcecode.c.h; path = MASLayoutConstraint.h; sourceTree = "<group>"; };
		44C1CD261D2F865B003FEE07 /* MASLayoutConstraint.m */ = {isa = PBXFileReference; fileEncoding = 4; lastKnownFileType = sourcecode.c.objc; path = MASLayoutConstraint.m; sourceTree = "<group>"; };
		44C1CD271D2F865B003FEE07 /* Masonry.h */ = {isa = PBXFileReference; fileEncoding = 4; lastKnownFileType = sourcecode.c.h; path = Masonry.h; sourceTree = "<group>"; };
		44C1CD281D2F865B003FEE07 /* MASUtilities.h */ = {isa = PBXFileReference; fileEncoding = 4; lastKnownFileType = sourcecode.c.h; path = MASUtilities.h; sourceTree = "<group>"; };
		44C1CD291D2F865B003FEE07 /* MASViewAttribute.h */ = {isa = PBXFileReference; fileEncoding = 4; lastKnownFileType = sourcecode.c.h; path = MASViewAttribute.h; sourceTree = "<group>"; };
		44C1CD2A1D2F865B003FEE07 /* MASViewAttribute.m */ = {isa = PBXFileReference; fileEncoding = 4; lastKnownFileType = sourcecode.c.objc; path = MASViewAttribute.m; sourceTree = "<group>"; };
		44C1CD2B1D2F865B003FEE07 /* MASViewConstraint.h */ = {isa = PBXFileReference; fileEncoding = 4; lastKnownFileType = sourcecode.c.h; path = MASViewConstraint.h; sourceTree = "<group>"; };
		44C1CD2C1D2F865B003FEE07 /* MASViewConstraint.m */ = {isa = PBXFileReference; fileEncoding = 4; lastKnownFileType = sourcecode.c.objc; path = MASViewConstraint.m; sourceTree = "<group>"; };
		44C1CD2D1D2F865B003FEE07 /* NSArray+MASAdditions.h */ = {isa = PBXFileReference; fileEncoding = 4; lastKnownFileType = sourcecode.c.h; path = "NSArray+MASAdditions.h"; sourceTree = "<group>"; };
		44C1CD2E1D2F865B003FEE07 /* NSArray+MASAdditions.m */ = {isa = PBXFileReference; fileEncoding = 4; lastKnownFileType = sourcecode.c.objc; path = "NSArray+MASAdditions.m"; sourceTree = "<group>"; };
		44C1CD2F1D2F865B003FEE07 /* NSArray+MASShorthandAdditions.h */ = {isa = PBXFileReference; fileEncoding = 4; lastKnownFileType = sourcecode.c.h; path = "NSArray+MASShorthandAdditions.h"; sourceTree = "<group>"; };
		44C1CD301D2F865B003FEE07 /* NSLayoutConstraint+MASDebugAdditions.h */ = {isa = PBXFileReference; fileEncoding = 4; lastKnownFileType = sourcecode.c.h; path = "NSLayoutConstraint+MASDebugAdditions.h"; sourceTree = "<group>"; };
		44C1CD311D2F865B003FEE07 /* NSLayoutConstraint+MASDebugAdditions.m */ = {isa = PBXFileReference; fileEncoding = 4; lastKnownFileType = sourcecode.c.objc; path = "NSLayoutConstraint+MASDebugAdditions.m"; sourceTree = "<group>"; };
		44C1CD321D2F865B003FEE07 /* View+MASAdditions.h */ = {isa = PBXFileReference; fileEncoding = 4; lastKnownFileType = sourcecode.c.h; path = "View+MASAdditions.h"; sourceTree = "<group>"; };
		44C1CD331D2F865B003FEE07 /* View+MASAdditions.m */ = {isa = PBXFileReference; fileEncoding = 4; lastKnownFileType = sourcecode.c.objc; path = "View+MASAdditions.m"; sourceTree = "<group>"; };
		44C1CD341D2F865B003FEE07 /* View+MASShorthandAdditions.h */ = {isa = PBXFileReference; fileEncoding = 4; lastKnownFileType = sourcecode.c.h; path = "View+MASShorthandAdditions.h"; sourceTree = "<group>"; };
		44C1CD351D2F865B003FEE07 /* ViewController+MASAdditions.h */ = {isa = PBXFileReference; fileEncoding = 4; lastKnownFileType = sourcecode.c.h; path = "ViewController+MASAdditions.h"; sourceTree = "<group>"; };
		44C1CD361D2F865B003FEE07 /* ViewController+MASAdditions.m */ = {isa = PBXFileReference; fileEncoding = 4; lastKnownFileType = sourcecode.c.objc; path = "ViewController+MASAdditions.m"; sourceTree = "<group>"; };
		44F6FC6D1D2E335700BCE1E0 /* person.js */ = {isa = PBXFileReference; fileEncoding = 4; lastKnownFileType = sourcecode.javascript; path = person.js; sourceTree = "<group>"; };
		44FBA4E41D3E22CF0024C780 /* BBRSACryptor.h */ = {isa = PBXFileReference; fileEncoding = 4; lastKnownFileType = sourcecode.c.h; path = BBRSACryptor.h; sourceTree = "<group>"; };
		44FBA4E51D3E22CF0024C780 /* BBRSACryptor.m */ = {isa = PBXFileReference; fileEncoding = 4; lastKnownFileType = sourcecode.c.objc; path = BBRSACryptor.m; sourceTree = "<group>"; };
		44FBA4E71D3E22CF0024C780 /* GTMBase64.h */ = {isa = PBXFileReference; fileEncoding = 4; lastKnownFileType = sourcecode.c.h; path = GTMBase64.h; sourceTree = "<group>"; };
		44FBA4E81D3E22CF0024C780 /* GTMBase64.m */ = {isa = PBXFileReference; fileEncoding = 4; lastKnownFileType = sourcecode.c.objc; path = GTMBase64.m; sourceTree = "<group>"; };
		44FBA4E91D3E22CF0024C780 /* GTMDefines.h */ = {isa = PBXFileReference; fileEncoding = 4; lastKnownFileType = sourcecode.c.h; path = GTMDefines.h; sourceTree = "<group>"; };
		44FBA4ED1D3E22CF0024C780 /* aes.h */ = {isa = PBXFileReference; fileEncoding = 4; lastKnownFileType = sourcecode.c.h; path = aes.h; sourceTree = "<group>"; };
		44FBA4EE1D3E22CF0024C780 /* asn1.h */ = {isa = PBXFileReference; fileEncoding = 4; lastKnownFileType = sourcecode.c.h; path = asn1.h; sourceTree = "<group>"; };
		44FBA4EF1D3E22CF0024C780 /* asn1_mac.h */ = {isa = PBXFileReference; fileEncoding = 4; lastKnownFileType = sourcecode.c.h; path = asn1_mac.h; sourceTree = "<group>"; };
		44FBA4F01D3E22CF0024C780 /* asn1t.h */ = {isa = PBXFileReference; fileEncoding = 4; lastKnownFileType = sourcecode.c.h; path = asn1t.h; sourceTree = "<group>"; };
		44FBA4F11D3E22CF0024C780 /* bio.h */ = {isa = PBXFileReference; fileEncoding = 4; lastKnownFileType = sourcecode.c.h; path = bio.h; sourceTree = "<group>"; };
		44FBA4F21D3E22CF0024C780 /* blowfish.h */ = {isa = PBXFileReference; fileEncoding = 4; lastKnownFileType = sourcecode.c.h; path = blowfish.h; sourceTree = "<group>"; };
		44FBA4F31D3E22CF0024C780 /* bn.h */ = {isa = PBXFileReference; fileEncoding = 4; lastKnownFileType = sourcecode.c.h; path = bn.h; sourceTree = "<group>"; };
		44FBA4F41D3E22CF0024C780 /* buffer.h */ = {isa = PBXFileReference; fileEncoding = 4; lastKnownFileType = sourcecode.c.h; path = buffer.h; sourceTree = "<group>"; };
		44FBA4F51D3E22CF0024C780 /* camellia.h */ = {isa = PBXFileReference; fileEncoding = 4; lastKnownFileType = sourcecode.c.h; path = camellia.h; sourceTree = "<group>"; };
		44FBA4F61D3E22CF0024C780 /* cast.h */ = {isa = PBXFileReference; fileEncoding = 4; lastKnownFileType = sourcecode.c.h; path = cast.h; sourceTree = "<group>"; };
		44FBA4F71D3E22CF0024C780 /* cmac.h */ = {isa = PBXFileReference; fileEncoding = 4; lastKnownFileType = sourcecode.c.h; path = cmac.h; sourceTree = "<group>"; };
		44FBA4F81D3E22CF0024C780 /* cms.h */ = {isa = PBXFileReference; fileEncoding = 4; lastKnownFileType = sourcecode.c.h; path = cms.h; sourceTree = "<group>"; };
		44FBA4F91D3E22CF0024C780 /* comp.h */ = {isa = PBXFileReference; fileEncoding = 4; lastKnownFileType = sourcecode.c.h; path = comp.h; sourceTree = "<group>"; };
		44FBA4FA1D3E22CF0024C780 /* conf.h */ = {isa = PBXFileReference; fileEncoding = 4; lastKnownFileType = sourcecode.c.h; path = conf.h; sourceTree = "<group>"; };
		44FBA4FB1D3E22CF0024C780 /* conf_api.h */ = {isa = PBXFileReference; fileEncoding = 4; lastKnownFileType = sourcecode.c.h; path = conf_api.h; sourceTree = "<group>"; };
		44FBA4FC1D3E22CF0024C780 /* crypto.h */ = {isa = PBXFileReference; fileEncoding = 4; lastKnownFileType = sourcecode.c.h; path = crypto.h; sourceTree = "<group>"; };
		44FBA4FD1D3E22CF0024C780 /* des.h */ = {isa = PBXFileReference; fileEncoding = 4; lastKnownFileType = sourcecode.c.h; path = des.h; sourceTree = "<group>"; };
		44FBA4FE1D3E22CF0024C780 /* des_old.h */ = {isa = PBXFileReference; fileEncoding = 4; lastKnownFileType = sourcecode.c.h; path = des_old.h; sourceTree = "<group>"; };
		44FBA4FF1D3E22CF0024C780 /* dh.h */ = {isa = PBXFileReference; fileEncoding = 4; lastKnownFileType = sourcecode.c.h; path = dh.h; sourceTree = "<group>"; };
		44FBA5001D3E22CF0024C780 /* dsa.h */ = {isa = PBXFileReference; fileEncoding = 4; lastKnownFileType = sourcecode.c.h; path = dsa.h; sourceTree = "<group>"; };
		44FBA5011D3E22CF0024C780 /* dso.h */ = {isa = PBXFileReference; fileEncoding = 4; lastKnownFileType = sourcecode.c.h; path = dso.h; sourceTree = "<group>"; };
		44FBA5021D3E22CF0024C780 /* dtls1.h */ = {isa = PBXFileReference; fileEncoding = 4; lastKnownFileType = sourcecode.c.h; path = dtls1.h; sourceTree = "<group>"; };
		44FBA5031D3E22CF0024C780 /* e_os2.h */ = {isa = PBXFileReference; fileEncoding = 4; lastKnownFileType = sourcecode.c.h; path = e_os2.h; sourceTree = "<group>"; };
		44FBA5041D3E22CF0024C780 /* ebcdic.h */ = {isa = PBXFileReference; fileEncoding = 4; lastKnownFileType = sourcecode.c.h; path = ebcdic.h; sourceTree = "<group>"; };
		44FBA5051D3E22CF0024C780 /* ec.h */ = {isa = PBXFileReference; fileEncoding = 4; lastKnownFileType = sourcecode.c.h; path = ec.h; sourceTree = "<group>"; };
		44FBA5061D3E22CF0024C780 /* ecdh.h */ = {isa = PBXFileReference; fileEncoding = 4; lastKnownFileType = sourcecode.c.h; path = ecdh.h; sourceTree = "<group>"; };
		44FBA5071D3E22CF0024C780 /* ecdsa.h */ = {isa = PBXFileReference; fileEncoding = 4; lastKnownFileType = sourcecode.c.h; path = ecdsa.h; sourceTree = "<group>"; };
		44FBA5081D3E22CF0024C780 /* engine.h */ = {isa = PBXFileReference; fileEncoding = 4; lastKnownFileType = sourcecode.c.h; path = engine.h; sourceTree = "<group>"; };
		44FBA5091D3E22CF0024C780 /* err.h */ = {isa = PBXFileReference; fileEncoding = 4; lastKnownFileType = sourcecode.c.h; path = err.h; sourceTree = "<group>"; };
		44FBA50A1D3E22CF0024C780 /* evp.h */ = {isa = PBXFileReference; fileEncoding = 4; lastKnownFileType = sourcecode.c.h; path = evp.h; sourceTree = "<group>"; };
		44FBA50B1D3E22CF0024C780 /* hmac.h */ = {isa = PBXFileReference; fileEncoding = 4; lastKnownFileType = sourcecode.c.h; path = hmac.h; sourceTree = "<group>"; };
		44FBA50C1D3E22CF0024C780 /* idea.h */ = {isa = PBXFileReference; fileEncoding = 4; lastKnownFileType = sourcecode.c.h; path = idea.h; sourceTree = "<group>"; };
		44FBA50D1D3E22CF0024C780 /* krb5_asn.h */ = {isa = PBXFileReference; fileEncoding = 4; lastKnownFileType = sourcecode.c.h; path = krb5_asn.h; sourceTree = "<group>"; };
		44FBA50E1D3E22CF0024C780 /* kssl.h */ = {isa = PBXFileReference; fileEncoding = 4; lastKnownFileType = sourcecode.c.h; path = kssl.h; sourceTree = "<group>"; };
		44FBA50F1D3E22CF0024C780 /* lhash.h */ = {isa = PBXFileReference; fileEncoding = 4; lastKnownFileType = sourcecode.c.h; path = lhash.h; sourceTree = "<group>"; };
		44FBA5101D3E22CF0024C780 /* md4.h */ = {isa = PBXFileReference; fileEncoding = 4; lastKnownFileType = sourcecode.c.h; path = md4.h; sourceTree = "<group>"; };
		44FBA5111D3E22CF0024C780 /* md5.h */ = {isa = PBXFileReference; fileEncoding = 4; lastKnownFileType = sourcecode.c.h; path = md5.h; sourceTree = "<group>"; };
		44FBA5121D3E22CF0024C780 /* mdc2.h */ = {isa = PBXFileReference; fileEncoding = 4; lastKnownFileType = sourcecode.c.h; path = mdc2.h; sourceTree = "<group>"; };
		44FBA5131D3E22CF0024C780 /* modes.h */ = {isa = PBXFileReference; fileEncoding = 4; lastKnownFileType = sourcecode.c.h; path = modes.h; sourceTree = "<group>"; };
		44FBA5141D3E22CF0024C780 /* obj_mac.h */ = {isa = PBXFileReference; fileEncoding = 4; lastKnownFileType = sourcecode.c.h; path = obj_mac.h; sourceTree = "<group>"; };
		44FBA5151D3E22CF0024C780 /* objects.h */ = {isa = PBXFileReference; fileEncoding = 4; lastKnownFileType = sourcecode.c.h; path = objects.h; sourceTree = "<group>"; };
		44FBA5161D3E22CF0024C780 /* ocsp.h */ = {isa = PBXFileReference; fileEncoding = 4; lastKnownFileType = sourcecode.c.h; path = ocsp.h; sourceTree = "<group>"; };
		44FBA5171D3E22CF0024C780 /* opensslconf.h */ = {isa = PBXFileReference; fileEncoding = 4; lastKnownFileType = sourcecode.c.h; path = opensslconf.h; sourceTree = "<group>"; };
		44FBA5181D3E22CF0024C780 /* opensslv.h */ = {isa = PBXFileReference; fileEncoding = 4; lastKnownFileType = sourcecode.c.h; path = opensslv.h; sourceTree = "<group>"; };
		44FBA5191D3E22CF0024C780 /* ossl_typ.h */ = {isa = PBXFileReference; fileEncoding = 4; lastKnownFileType = sourcecode.c.h; path = ossl_typ.h; sourceTree = "<group>"; };
		44FBA51A1D3E22CF0024C780 /* pem.h */ = {isa = PBXFileReference; fileEncoding = 4; lastKnownFileType = sourcecode.c.h; path = pem.h; sourceTree = "<group>"; };
		44FBA51B1D3E22CF0024C780 /* pem2.h */ = {isa = PBXFileReference; fileEncoding = 4; lastKnownFileType = sourcecode.c.h; path = pem2.h; sourceTree = "<group>"; };
		44FBA51C1D3E22CF0024C780 /* pkcs12.h */ = {isa = PBXFileReference; fileEncoding = 4; lastKnownFileType = sourcecode.c.h; path = pkcs12.h; sourceTree = "<group>"; };
		44FBA51D1D3E22CF0024C780 /* pkcs7.h */ = {isa = PBXFileReference; fileEncoding = 4; lastKnownFileType = sourcecode.c.h; path = pkcs7.h; sourceTree = "<group>"; };
		44FBA51E1D3E22CF0024C780 /* pqueue.h */ = {isa = PBXFileReference; fileEncoding = 4; lastKnownFileType = sourcecode.c.h; path = pqueue.h; sourceTree = "<group>"; };
		44FBA51F1D3E22CF0024C780 /* rand.h */ = {isa = PBXFileReference; fileEncoding = 4; lastKnownFileType = sourcecode.c.h; path = rand.h; sourceTree = "<group>"; };
		44FBA5201D3E22CF0024C780 /* rc2.h */ = {isa = PBXFileReference; fileEncoding = 4; lastKnownFileType = sourcecode.c.h; path = rc2.h; sourceTree = "<group>"; };
		44FBA5211D3E22CF0024C780 /* rc4.h */ = {isa = PBXFileReference; fileEncoding = 4; lastKnownFileType = sourcecode.c.h; path = rc4.h; sourceTree = "<group>"; };
		44FBA5221D3E22CF0024C780 /* ripemd.h */ = {isa = PBXFileReference; fileEncoding = 4; lastKnownFileType = sourcecode.c.h; path = ripemd.h; sourceTree = "<group>"; };
		44FBA5231D3E22CF0024C780 /* rsa.h */ = {isa = PBXFileReference; fileEncoding = 4; lastKnownFileType = sourcecode.c.h; path = rsa.h; sourceTree = "<group>"; };
		44FBA5241D3E22CF0024C780 /* safestack.h */ = {isa = PBXFileReference; fileEncoding = 4; lastKnownFileType = sourcecode.c.h; path = safestack.h; sourceTree = "<group>"; };
		44FBA5251D3E22CF0024C780 /* seed.h */ = {isa = PBXFileReference; fileEncoding = 4; lastKnownFileType = sourcecode.c.h; path = seed.h; sourceTree = "<group>"; };
		44FBA5261D3E22CF0024C780 /* sha.h */ = {isa = PBXFileReference; fileEncoding = 4; lastKnownFileType = sourcecode.c.h; path = sha.h; sourceTree = "<group>"; };
		44FBA5271D3E22CF0024C780 /* srp.h */ = {isa = PBXFileReference; fileEncoding = 4; lastKnownFileType = sourcecode.c.h; path = srp.h; sourceTree = "<group>"; };
		44FBA5281D3E22CF0024C780 /* srtp.h */ = {isa = PBXFileReference; fileEncoding = 4; lastKnownFileType = sourcecode.c.h; path = srtp.h; sourceTree = "<group>"; };
		44FBA5291D3E22CF0024C780 /* ssl.h */ = {isa = PBXFileReference; fileEncoding = 4; lastKnownFileType = sourcecode.c.h; path = ssl.h; sourceTree = "<group>"; };
		44FBA52A1D3E22CF0024C780 /* ssl2.h */ = {isa = PBXFileReference; fileEncoding = 4; lastKnownFileType = sourcecode.c.h; path = ssl2.h; sourceTree = "<group>"; };
		44FBA52B1D3E22CF0024C780 /* ssl23.h */ = {isa = PBXFileReference; fileEncoding = 4; lastKnownFileType = sourcecode.c.h; path = ssl23.h; sourceTree = "<group>"; };
		44FBA52C1D3E22CF0024C780 /* ssl3.h */ = {isa = PBXFileReference; fileEncoding = 4; lastKnownFileType = sourcecode.c.h; path = ssl3.h; sourceTree = "<group>"; };
		44FBA52D1D3E22CF0024C780 /* stack.h */ = {isa = PBXFileReference; fileEncoding = 4; lastKnownFileType = sourcecode.c.h; path = stack.h; sourceTree = "<group>"; };
		44FBA52E1D3E22CF0024C780 /* symhacks.h */ = {isa = PBXFileReference; fileEncoding = 4; lastKnownFileType = sourcecode.c.h; path = symhacks.h; sourceTree = "<group>"; };
		44FBA52F1D3E22CF0024C780 /* tls1.h */ = {isa = PBXFileReference; fileEncoding = 4; lastKnownFileType = sourcecode.c.h; path = tls1.h; sourceTree = "<group>"; };
		44FBA5301D3E22CF0024C780 /* ts.h */ = {isa = PBXFileReference; fileEncoding = 4; lastKnownFileType = sourcecode.c.h; path = ts.h; sourceTree = "<group>"; };
		44FBA5311D3E22CF0024C780 /* txt_db.h */ = {isa = PBXFileReference; fileEncoding = 4; lastKnownFileType = sourcecode.c.h; path = txt_db.h; sourceTree = "<group>"; };
		44FBA5321D3E22CF0024C780 /* ui.h */ = {isa = PBXFileReference; fileEncoding = 4; lastKnownFileType = sourcecode.c.h; path = ui.h; sourceTree = "<group>"; };
		44FBA5331D3E22CF0024C780 /* ui_compat.h */ = {isa = PBXFileReference; fileEncoding = 4; lastKnownFileType = sourcecode.c.h; path = ui_compat.h; sourceTree = "<group>"; };
		44FBA5341D3E22D00024C780 /* whrlpool.h */ = {isa = PBXFileReference; fileEncoding = 4; lastKnownFileType = sourcecode.c.h; path = whrlpool.h; sourceTree = "<group>"; };
		44FBA5351D3E22D00024C780 /* x509.h */ = {isa = PBXFileReference; fileEncoding = 4; lastKnownFileType = sourcecode.c.h; path = x509.h; sourceTree = "<group>"; };
		44FBA5361D3E22D00024C780 /* x509_vfy.h */ = {isa = PBXFileReference; fileEncoding = 4; lastKnownFileType = sourcecode.c.h; path = x509_vfy.h; sourceTree = "<group>"; };
		44FBA5371D3E22D00024C780 /* x509v3.h */ = {isa = PBXFileReference; fileEncoding = 4; lastKnownFileType = sourcecode.c.h; path = x509v3.h; sourceTree = "<group>"; };
		44FBA5391D3E22D00024C780 /* libcrypto.a */ = {isa = PBXFileReference; lastKnownFileType = archive.ar; path = libcrypto.a; sourceTree = "<group>"; };
		44FBA53A1D3E22D00024C780 /* libssl.a */ = {isa = PBXFileReference; lastKnownFileType = archive.ar; path = libssl.a; sourceTree = "<group>"; };
/* End PBXFileReference section */

/* Begin PBXFrameworksBuildPhase section */
		44233E421D24CAA000732354 /* Frameworks */ = {
			isa = PBXFrameworksBuildPhase;
			buildActionMask = 2147483647;
			files = (
				44FBA53E1D3E22D00024C780 /* libssl.a in Frameworks */,
				4475CEA11D2D0587003F2CEC /* CoreTelephony.framework in Frameworks */,
				4437E5AC1D2BA36500A653FE /* libz.1.tbd in Frameworks */,
				44FBA53D1D3E22D00024C780 /* libcrypto.a in Frameworks */,
				44233E681D24CF6F00732354 /* JavaScriptCore.framework in Frameworks */,
			);
			runOnlyForDeploymentPostprocessing = 0;
		};
/* End PBXFrameworksBuildPhase section */

/* Begin PBXGroup section */
		44233E3C1D24CAA000732354 = {
			isa = PBXGroup;
			children = (
				4475CEA01D2D0587003F2CEC /* CoreTelephony.framework */,
				4437E5AA1D2BA35100A653FE /* libz.tbd */,
				4437E5A81D2B9F0100A653FE /* libz.1.tbd */,
				44233E671D24CF6F00732354 /* JavaScriptCore.framework */,
				44233E471D24CAA000732354 /* JSPatchExpress */,
				44233E461D24CAA000732354 /* Products */,
			);
			sourceTree = "<group>";
		};
		44233E461D24CAA000732354 /* Products */ = {
			isa = PBXGroup;
			children = (
				44233E451D24CAA000732354 /* JSPatchExpress.app */,
			);
			name = Products;
			sourceTree = "<group>";
		};
		44233E471D24CAA000732354 /* JSPatchExpress */ = {
			isa = PBXGroup;
			children = (
				44FBA4E21D3E22CF0024C780 /* BBRSACryptor */,
				44C1CD1D1D2F865B003FEE07 /* Masonry */,
				4437E5201D2B9EBE00A653FE /* Extensions */,
				4437E56D1D2B9EBE00A653FE /* Loader */,
				44233E611D24CF3300732354 /* JSPatch */,
				44233E4B1D24CAA000732354 /* AppDelegate.h */,
				44233E4C1D24CAA000732354 /* AppDelegate.m */,
				44233E4E1D24CAA000732354 /* ViewController.h */,
				44233E4F1D24CAA000732354 /* ViewController.m */,
				4437E5AD1D2BB59E00A653FE /* aboutIcon@3x.png */,
				44233E541D24CAA000732354 /* Assets.xcassets */,
				44233E591D24CAA000732354 /* Info.plist */,
				44233E481D24CAA000732354 /* Supporting Files */,
				44233E691D24D03D00732354 /* sample.js */,
				44233E6B1D25011500732354 /* Demo.js */,
				445078D91D2608A20004B7CC /* JSDemo.js */,
				4432D4581D2E0180003D118E /* Person.h */,
				4432D4591D2E0180003D118E /* Person.m */,
				44F6FC6D1D2E335700BCE1E0 /* person.js */,
				445EB67B1D499D35000F93BD /* main.js */,
				445EB67F1D49B303000F93BD /* key */,
			);
			path = JSPatchExpress;
			sourceTree = "<group>";
		};
		44233E481D24CAA000732354 /* Supporting Files */ = {
			isa = PBXGroup;
			children = (
				44233E491D24CAA000732354 /* main.m */,
			);
			name = "Supporting Files";
			sourceTree = "<group>";
		};
		44233E611D24CF3300732354 /* JSPatch */ = {
			isa = PBXGroup;
			children = (
				44233E621D24CF3300732354 /* JPEngine.h */,
				44233E631D24CF3300732354 /* JPEngine.m */,
				44233E641D24CF3300732354 /* JSPatch.js */,
			);
			path = JSPatch;
			sourceTree = "<group>";
		};
		4437E5201D2B9EBE00A653FE /* Extensions */ = {
			isa = PBXGroup;
			children = (
				4437E5211D2B9EBE00A653FE /* JPCFunction */,
				4437E54C1D2B9EBE00A653FE /* JPCFunctionBinder */,
				4437E5671D2B9EBE00A653FE /* JPCleaner.h */,
				4437E5681D2B9EBE00A653FE /* JPCleaner.m */,
				4437E5691D2B9EBE00A653FE /* JPLocker.h */,
				4437E56A1D2B9EBE00A653FE /* JPLocker.m */,
				4437E56B1D2B9EBE00A653FE /* JPSpecialInit.h */,
				4437E56C1D2B9EBE00A653FE /* JPSpecialInit.m */,
			);
			path = Extensions;
			sourceTree = "<group>";
		};
		4437E5211D2B9EBE00A653FE /* JPCFunction */ = {
			isa = PBXGroup;
			children = (
				4437E5221D2B9EBE00A653FE /* JPCFunction.h */,
				4437E5231D2B9EBE00A653FE /* JPCFunction.m */,
				4437E5241D2B9EBE00A653FE /* JPMemory.h */,
				4437E5251D2B9EBE00A653FE /* JPMemory.m */,
				4437E5261D2B9EBE00A653FE /* JPStructPointer.h */,
				4437E5271D2B9EBE00A653FE /* JPStructPointer.m */,
				4437E5281D2B9EBE00A653FE /* libffi */,
			);
			path = JPCFunction;
			sourceTree = "<group>";
		};
		4437E5281D2B9EBE00A653FE /* libffi */ = {
			isa = PBXGroup;
			children = (
				4437E5291D2B9EBE00A653FE /* headers */,
				4437E53A1D2B9EBE00A653FE /* src */,
			);
			path = libffi;
			sourceTree = "<group>";
		};
		4437E5291D2B9EBE00A653FE /* headers */ = {
			isa = PBXGroup;
			children = (
				4437E52A1D2B9EBE00A653FE /* ffi.h */,
				4437E52B1D2B9EBE00A653FE /* ffi_arm64.h */,
				4437E52C1D2B9EBE00A653FE /* ffi_armv7.h */,
				4437E52D1D2B9EBE00A653FE /* ffi_common.h */,
				4437E52E1D2B9EBE00A653FE /* ffi_i386.h */,
				4437E52F1D2B9EBE00A653FE /* ffi_x86_64.h */,
				4437E5301D2B9EBE00A653FE /* fficonfig.h */,
				4437E5311D2B9EBE00A653FE /* fficonfig_arm64.h */,
				4437E5321D2B9EBE00A653FE /* fficonfig_armv7.h */,
				4437E5331D2B9EBE00A653FE /* fficonfig_i386.h */,
				4437E5341D2B9EBE00A653FE /* fficonfig_x86_64.h */,
				4437E5351D2B9EBE00A653FE /* ffitarget.h */,
				4437E5361D2B9EBE00A653FE /* ffitarget_arm64.h */,
				4437E5371D2B9EBE00A653FE /* ffitarget_armv7.h */,
				4437E5381D2B9EBE00A653FE /* ffitarget_i386.h */,
				4437E5391D2B9EBE00A653FE /* ffitarget_x86_64.h */,
			);
			path = headers;
			sourceTree = "<group>";
		};
		4437E53A1D2B9EBE00A653FE /* src */ = {
			isa = PBXGroup;
			children = (
				4437E53B1D2B9EBE00A653FE /* aarch64 */,
				4437E53E1D2B9EBE00A653FE /* arm */,
				4437E5421D2B9EBE00A653FE /* common */,
				4437E5461D2B9EBE00A653FE /* x86 */,
			);
			path = src;
			sourceTree = "<group>";
		};
		4437E53B1D2B9EBE00A653FE /* aarch64 */ = {
			isa = PBXGroup;
			children = (
				4437E53C1D2B9EBE00A653FE /* ffi_arm64.c */,
				4437E53D1D2B9EBE00A653FE /* sysv_arm64.S */,
			);
			path = aarch64;
			sourceTree = "<group>";
		};
		4437E53E1D2B9EBE00A653FE /* arm */ = {
			isa = PBXGroup;
			children = (
				4437E53F1D2B9EBE00A653FE /* ffi_armv7.c */,
				4437E5401D2B9EBE00A653FE /* sysv_armv7.S */,
				4437E5411D2B9EBE00A653FE /* trampoline_armv7.S */,
			);
			path = arm;
			sourceTree = "<group>";
		};
		4437E5421D2B9EBE00A653FE /* common */ = {
			isa = PBXGroup;
			children = (
				4437E5431D2B9EBE00A653FE /* prep_cif.c */,
				4437E5441D2B9EBE00A653FE /* raw_api.c */,
				4437E5451D2B9EBE00A653FE /* types.c */,
			);
			path = common;
			sourceTree = "<group>";
		};
		4437E5461D2B9EBE00A653FE /* x86 */ = {
			isa = PBXGroup;
			children = (
				4437E5471D2B9EBE00A653FE /* darwin64_x86_64.S */,
				4437E5481D2B9EBE00A653FE /* darwin_i386.S */,
				4437E5491D2B9EBE00A653FE /* ffi64_x86_64.c */,
				4437E54A1D2B9EBE00A653FE /* ffi_i386.c */,
				4437E54B1D2B9EBE00A653FE /* win32_i386.S */,
			);
			path = x86;
			sourceTree = "<group>";
		};
		4437E54C1D2B9EBE00A653FE /* JPCFunctionBinder */ = {
			isa = PBXGroup;
			children = (
				4437E54D1D2B9EBE00A653FE /* CoreGraphics */,
				4437E55E1D2B9EBE00A653FE /* UIKit */,
			);
			path = JPCFunctionBinder;
			sourceTree = "<group>";
		};
		4437E54D1D2B9EBE00A653FE /* CoreGraphics */ = {
			isa = PBXGroup;
			children = (
				4437E54E1D2B9EBE00A653FE /* JPCGBitmapContext.h */,
				4437E54F1D2B9EBE00A653FE /* JPCGBitmapContext.m */,
				4437E5501D2B9EBE00A653FE /* JPCGColor.h */,
				4437E5511D2B9EBE00A653FE /* JPCGColor.m */,
				4437E5521D2B9EBE00A653FE /* JPCGContext.h */,
				4437E5531D2B9EBE00A653FE /* JPCGContext.m */,
				4437E5541D2B9EBE00A653FE /* JPCGGeometry.h */,
				4437E5551D2B9EBE00A653FE /* JPCGGeometry.m */,
				4437E5561D2B9EBE00A653FE /* JPCGImage.h */,
				4437E5571D2B9EBE00A653FE /* JPCGImage.m */,
				4437E5581D2B9EBE00A653FE /* JPCGPath.h */,
				4437E5591D2B9EBE00A653FE /* JPCGPath.m */,
				4437E55A1D2B9EBE00A653FE /* JPCGTransform.h */,
				4437E55B1D2B9EBE00A653FE /* JPCGTransform.m */,
				4437E55C1D2B9EBE00A653FE /* JPCoreGraphics.h */,
				4437E55D1D2B9EBE00A653FE /* JPCoreGraphics.m */,
			);
			path = CoreGraphics;
			sourceTree = "<group>";
		};
		4437E55E1D2B9EBE00A653FE /* UIKit */ = {
			isa = PBXGroup;
			children = (
				4437E55F1D2B9EBE00A653FE /* JPUIGeometry.h */,
				4437E5601D2B9EBE00A653FE /* JPUIGeometry.m */,
				4437E5611D2B9EBE00A653FE /* JPUIGraphics.h */,
				4437E5621D2B9EBE00A653FE /* JPUIGraphics.m */,
				4437E5631D2B9EBE00A653FE /* JPUIImage.h */,
				4437E5641D2B9EBE00A653FE /* JPUIImage.m */,
				4437E5651D2B9EBE00A653FE /* JPUIKit.h */,
				4437E5661D2B9EBE00A653FE /* JPUIKit.m */,
			);
			path = UIKit;
			sourceTree = "<group>";
		};
		4437E56D1D2B9EBE00A653FE /* Loader */ = {
			isa = PBXGroup;
			children = (
				4437E56E1D2B9EBE00A653FE /* JPLoader.h */,
				4437E56F1D2B9EBE00A653FE /* JPLoader.m */,
				4437E5701D2B9EBE00A653FE /* libs */,
				4437E57F1D2B9EBE00A653FE /* tools */,
			);
			path = Loader;
			sourceTree = "<group>";
		};
		4437E5701D2B9EBE00A653FE /* libs */ = {
			isa = PBXGroup;
			children = (
				4437E5711D2B9EBE00A653FE /* minizip */,
				4437E57B1D2B9EBE00A653FE /* RSAObject.h */,
				4437E57C1D2B9EBE00A653FE /* RSAObject.m */,
				4437E57D1D2B9EBE00A653FE /* ZipArchive.h */,
				4437E57E1D2B9EBE00A653FE /* ZipArchive.m */,
			);
			path = libs;
			sourceTree = "<group>";
		};
		4437E5711D2B9EBE00A653FE /* minizip */ = {
			isa = PBXGroup;
			children = (
				4437E5721D2B9EBE00A653FE /* crypt.h */,
				4437E5731D2B9EBE00A653FE /* ioapi.c */,
				4437E5741D2B9EBE00A653FE /* ioapi.h */,
				4437E5751D2B9EBE00A653FE /* mztools.c */,
				4437E5761D2B9EBE00A653FE /* mztools.h */,
				4437E5771D2B9EBE00A653FE /* unzip.c */,
				4437E5781D2B9EBE00A653FE /* unzip.h */,
				4437E5791D2B9EBE00A653FE /* zip.c */,
				4437E57A1D2B9EBE00A653FE /* zip.h */,
			);
			path = minizip;
			sourceTree = "<group>";
		};
		4437E57F1D2B9EBE00A653FE /* tools */ = {
			isa = PBXGroup;
			children = (
				4437E5801D2B9EBE00A653FE /* packer.php */,
			);
			path = tools;
			sourceTree = "<group>";
		};
		44C1CD1D1D2F865B003FEE07 /* Masonry */ = {
			isa = PBXGroup;
			children = (
				44C1CD1E1D2F865B003FEE07 /* MASCompositeConstraint.h */,
				44C1CD1F1D2F865B003FEE07 /* MASCompositeConstraint.m */,
				44C1CD201D2F865B003FEE07 /* MASConstraint+Private.h */,
				44C1CD211D2F865B003FEE07 /* MASConstraint.h */,
				44C1CD221D2F865B003FEE07 /* MASConstraint.m */,
				44C1CD231D2F865B003FEE07 /* MASConstraintMaker.h */,
				44C1CD241D2F865B003FEE07 /* MASConstraintMaker.m */,
				44C1CD251D2F865B003FEE07 /* MASLayoutConstraint.h */,
				44C1CD261D2F865B003FEE07 /* MASLayoutConstraint.m */,
				44C1CD271D2F865B003FEE07 /* Masonry.h */,
				44C1CD281D2F865B003FEE07 /* MASUtilities.h */,
				44C1CD291D2F865B003FEE07 /* MASViewAttribute.h */,
				44C1CD2A1D2F865B003FEE07 /* MASViewAttribute.m */,
				44C1CD2B1D2F865B003FEE07 /* MASViewConstraint.h */,
				44C1CD2C1D2F865B003FEE07 /* MASViewConstraint.m */,
				44C1CD2D1D2F865B003FEE07 /* NSArray+MASAdditions.h */,
				44C1CD2E1D2F865B003FEE07 /* NSArray+MASAdditions.m */,
				44C1CD2F1D2F865B003FEE07 /* NSArray+MASShorthandAdditions.h */,
				44C1CD301D2F865B003FEE07 /* NSLayoutConstraint+MASDebugAdditions.h */,
				44C1CD311D2F865B003FEE07 /* NSLayoutConstraint+MASDebugAdditions.m */,
				44C1CD321D2F865B003FEE07 /* View+MASAdditions.h */,
				44C1CD331D2F865B003FEE07 /* View+MASAdditions.m */,
				44C1CD341D2F865B003FEE07 /* View+MASShorthandAdditions.h */,
				44C1CD351D2F865B003FEE07 /* ViewController+MASAdditions.h */,
				44C1CD361D2F865B003FEE07 /* ViewController+MASAdditions.m */,
			);
			path = Masonry;
			sourceTree = "<group>";
		};
		44FBA4E21D3E22CF0024C780 /* BBRSACryptor */ = {
			isa = PBXGroup;
			children = (
				44FBA4E31D3E22CF0024C780 /* BBRSACryptor */,
				44FBA4E61D3E22CF0024C780 /* GTMBase64 */,
				44FBA4EA1D3E22CF0024C780 /* OpenSSL */,
			);
			path = BBRSACryptor;
			sourceTree = "<group>";
		};
		44FBA4E31D3E22CF0024C780 /* BBRSACryptor */ = {
			isa = PBXGroup;
			children = (
				44FBA4E41D3E22CF0024C780 /* BBRSACryptor.h */,
				44FBA4E51D3E22CF0024C780 /* BBRSACryptor.m */,
			);
			path = BBRSACryptor;
			sourceTree = "<group>";
		};
		44FBA4E61D3E22CF0024C780 /* GTMBase64 */ = {
			isa = PBXGroup;
			children = (
				44FBA4E71D3E22CF0024C780 /* GTMBase64.h */,
				44FBA4E81D3E22CF0024C780 /* GTMBase64.m */,
				44FBA4E91D3E22CF0024C780 /* GTMDefines.h */,
			);
			path = GTMBase64;
			sourceTree = "<group>";
		};
		44FBA4EA1D3E22CF0024C780 /* OpenSSL */ = {
			isa = PBXGroup;
			children = (
				44FBA4EB1D3E22CF0024C780 /* include */,
				44FBA5381D3E22D00024C780 /* lib */,
			);
			path = OpenSSL;
			sourceTree = "<group>";
		};
		44FBA4EB1D3E22CF0024C780 /* include */ = {
			isa = PBXGroup;
			children = (
				44FBA4EC1D3E22CF0024C780 /* openssl */,
			);
			path = include;
			sourceTree = "<group>";
		};
		44FBA4EC1D3E22CF0024C780 /* openssl */ = {
			isa = PBXGroup;
			children = (
				44FBA4ED1D3E22CF0024C780 /* aes.h */,
				44FBA4EE1D3E22CF0024C780 /* asn1.h */,
				44FBA4EF1D3E22CF0024C780 /* asn1_mac.h */,
				44FBA4F01D3E22CF0024C780 /* asn1t.h */,
				44FBA4F11D3E22CF0024C780 /* bio.h */,
				44FBA4F21D3E22CF0024C780 /* blowfish.h */,
				44FBA4F31D3E22CF0024C780 /* bn.h */,
				44FBA4F41D3E22CF0024C780 /* buffer.h */,
				44FBA4F51D3E22CF0024C780 /* camellia.h */,
				44FBA4F61D3E22CF0024C780 /* cast.h */,
				44FBA4F71D3E22CF0024C780 /* cmac.h */,
				44FBA4F81D3E22CF0024C780 /* cms.h */,
				44FBA4F91D3E22CF0024C780 /* comp.h */,
				44FBA4FA1D3E22CF0024C780 /* conf.h */,
				44FBA4FB1D3E22CF0024C780 /* conf_api.h */,
				44FBA4FC1D3E22CF0024C780 /* crypto.h */,
				44FBA4FD1D3E22CF0024C780 /* des.h */,
				44FBA4FE1D3E22CF0024C780 /* des_old.h */,
				44FBA4FF1D3E22CF0024C780 /* dh.h */,
				44FBA5001D3E22CF0024C780 /* dsa.h */,
				44FBA5011D3E22CF0024C780 /* dso.h */,
				44FBA5021D3E22CF0024C780 /* dtls1.h */,
				44FBA5031D3E22CF0024C780 /* e_os2.h */,
				44FBA5041D3E22CF0024C780 /* ebcdic.h */,
				44FBA5051D3E22CF0024C780 /* ec.h */,
				44FBA5061D3E22CF0024C780 /* ecdh.h */,
				44FBA5071D3E22CF0024C780 /* ecdsa.h */,
				44FBA5081D3E22CF0024C780 /* engine.h */,
				44FBA5091D3E22CF0024C780 /* err.h */,
				44FBA50A1D3E22CF0024C780 /* evp.h */,
				44FBA50B1D3E22CF0024C780 /* hmac.h */,
				44FBA50C1D3E22CF0024C780 /* idea.h */,
				44FBA50D1D3E22CF0024C780 /* krb5_asn.h */,
				44FBA50E1D3E22CF0024C780 /* kssl.h */,
				44FBA50F1D3E22CF0024C780 /* lhash.h */,
				44FBA5101D3E22CF0024C780 /* md4.h */,
				44FBA5111D3E22CF0024C780 /* md5.h */,
				44FBA5121D3E22CF0024C780 /* mdc2.h */,
				44FBA5131D3E22CF0024C780 /* modes.h */,
				44FBA5141D3E22CF0024C780 /* obj_mac.h */,
				44FBA5151D3E22CF0024C780 /* objects.h */,
				44FBA5161D3E22CF0024C780 /* ocsp.h */,
				44FBA5171D3E22CF0024C780 /* opensslconf.h */,
				44FBA5181D3E22CF0024C780 /* opensslv.h */,
				44FBA5191D3E22CF0024C780 /* ossl_typ.h */,
				44FBA51A1D3E22CF0024C780 /* pem.h */,
				44FBA51B1D3E22CF0024C780 /* pem2.h */,
				44FBA51C1D3E22CF0024C780 /* pkcs12.h */,
				44FBA51D1D3E22CF0024C780 /* pkcs7.h */,
				44FBA51E1D3E22CF0024C780 /* pqueue.h */,
				44FBA51F1D3E22CF0024C780 /* rand.h */,
				44FBA5201D3E22CF0024C780 /* rc2.h */,
				44FBA5211D3E22CF0024C780 /* rc4.h */,
				44FBA5221D3E22CF0024C780 /* ripemd.h */,
				44FBA5231D3E22CF0024C780 /* rsa.h */,
				44FBA5241D3E22CF0024C780 /* safestack.h */,
				44FBA5251D3E22CF0024C780 /* seed.h */,
				44FBA5261D3E22CF0024C780 /* sha.h */,
				44FBA5271D3E22CF0024C780 /* srp.h */,
				44FBA5281D3E22CF0024C780 /* srtp.h */,
				44FBA5291D3E22CF0024C780 /* ssl.h */,
				44FBA52A1D3E22CF0024C780 /* ssl2.h */,
				44FBA52B1D3E22CF0024C780 /* ssl23.h */,
				44FBA52C1D3E22CF0024C780 /* ssl3.h */,
				44FBA52D1D3E22CF0024C780 /* stack.h */,
				44FBA52E1D3E22CF0024C780 /* symhacks.h */,
				44FBA52F1D3E22CF0024C780 /* tls1.h */,
				44FBA5301D3E22CF0024C780 /* ts.h */,
				44FBA5311D3E22CF0024C780 /* txt_db.h */,
				44FBA5321D3E22CF0024C780 /* ui.h */,
				44FBA5331D3E22CF0024C780 /* ui_compat.h */,
				44FBA5341D3E22D00024C780 /* whrlpool.h */,
				44FBA5351D3E22D00024C780 /* x509.h */,
				44FBA5361D3E22D00024C780 /* x509_vfy.h */,
				44FBA5371D3E22D00024C780 /* x509v3.h */,
			);
			path = openssl;
			sourceTree = "<group>";
		};
		44FBA5381D3E22D00024C780 /* lib */ = {
			isa = PBXGroup;
			children = (
				44FBA5391D3E22D00024C780 /* libcrypto.a */,
				44FBA53A1D3E22D00024C780 /* libssl.a */,
			);
			path = lib;
			sourceTree = "<group>";
		};
/* End PBXGroup section */

/* Begin PBXNativeTarget section */
		44233E441D24CAA000732354 /* JSPatchExpress */ = {
			isa = PBXNativeTarget;
			buildConfigurationList = 44233E5C1D24CAA000732354 /* Build configuration list for PBXNativeTarget "JSPatchExpress" */;
			buildPhases = (
				44233E411D24CAA000732354 /* Sources */,
				44233E421D24CAA000732354 /* Frameworks */,
				44233E431D24CAA000732354 /* Resources */,
			);
			buildRules = (
			);
			dependencies = (
			);
			name = JSPatchExpress;
			productName = JSPatchExpress;
			productReference = 44233E451D24CAA000732354 /* JSPatchExpress.app */;
			productType = "com.apple.product-type.application";
		};
/* End PBXNativeTarget section */

/* Begin PBXProject section */
		44233E3D1D24CAA000732354 /* Project object */ = {
			isa = PBXProject;
			attributes = {
				LastUpgradeCheck = 0730;
				ORGANIZATIONNAME = JianRongCao;
				TargetAttributes = {
					44233E441D24CAA000732354 = {
						CreatedOnToolsVersion = 7.3.1;
						DevelopmentTeam = 4UC89CVV3Y;
					};
				};
			};
			buildConfigurationList = 44233E401D24CAA000732354 /* Build configuration list for PBXProject "JSPatchExpress" */;
			compatibilityVersion = "Xcode 3.2";
			developmentRegion = English;
			hasScannedForEncodings = 0;
			knownRegions = (
				en,
				Base,
			);
			mainGroup = 44233E3C1D24CAA000732354;
			productRefGroup = 44233E461D24CAA000732354 /* Products */;
			projectDirPath = "";
			projectRoot = "";
			targets = (
				44233E441D24CAA000732354 /* JSPatchExpress */,
			);
		};
/* End PBXProject section */

/* Begin PBXResourcesBuildPhase section */
		44233E431D24CAA000732354 /* Resources */ = {
			isa = PBXResourcesBuildPhase;
			buildActionMask = 2147483647;
			files = (
				445EB6801D49B303000F93BD /* key in Resources */,
				44233E661D24CF3300732354 /* JSPatch.js in Resources */,
				44233E551D24CAA000732354 /* Assets.xcassets in Resources */,
				4437E5AE1D2BB59E00A653FE /* aboutIcon@3x.png in Resources */,
				44F6FC6E1D2E335700BCE1E0 /* person.js in Resources */,
				4437E5A71D2B9EBE00A653FE /* packer.php in Resources */,
				44233E6A1D24D03D00732354 /* sample.js in Resources */,
				445EB67C1D499D35000F93BD /* main.js in Resources */,
				445078DA1D2608A20004B7CC /* JSDemo.js in Resources */,
				44233E6C1D25011500732354 /* Demo.js in Resources */,
			);
			runOnlyForDeploymentPostprocessing = 0;
		};
/* End PBXResourcesBuildPhase section */

/* Begin PBXSourcesBuildPhase section */
		44233E411D24CAA000732354 /* Sources */ = {
			isa = PBXSourcesBuildPhase;
			buildActionMask = 2147483647;
			files = (
				4437E58E1D2B9EBE00A653FE /* ffi64_x86_64.c in Sources */,
				4437E5991D2B9EBE00A653FE /* JPUIGeometry.m in Sources */,
				44FBA53C1D3E22D00024C780 /* GTMBase64.m in Sources */,
				4437E59A1D2B9EBE00A653FE /* JPUIGraphics.m in Sources */,
				4437E5941D2B9EBE00A653FE /* JPCGGeometry.m in Sources */,
				4437E59C1D2B9EBE00A653FE /* JPUIKit.m in Sources */,
				4437E5921D2B9EBE00A653FE /* JPCGColor.m in Sources */,
				4437E5A01D2B9EBE00A653FE /* JPLoader.m in Sources */,
				4437E5901D2B9EBE00A653FE /* win32_i386.S in Sources */,
				44C1CD3F1D2F865B003FEE07 /* View+MASAdditions.m in Sources */,
				4437E58D1D2B9EBE00A653FE /* darwin_i386.S in Sources */,
				4437E5911D2B9EBE00A653FE /* JPCGBitmapContext.m in Sources */,
				4437E5A61D2B9EBE00A653FE /* ZipArchive.m in Sources */,
				44C1CD3C1D2F865B003FEE07 /* MASViewConstraint.m in Sources */,
				44C1CD3D1D2F865B003FEE07 /* NSArray+MASAdditions.m in Sources */,
				4437E5891D2B9EBE00A653FE /* prep_cif.c in Sources */,
				44233E501D24CAA000732354 /* ViewController.m in Sources */,
				44233E651D24CF3300732354 /* JPEngine.m in Sources */,
				44C1CD3A1D2F865B003FEE07 /* MASLayoutConstraint.m in Sources */,
				4437E58F1D2B9EBE00A653FE /* ffi_i386.c in Sources */,
				4437E59F1D2B9EBE00A653FE /* JPSpecialInit.m in Sources */,
				44C1CD371D2F865B003FEE07 /* MASCompositeConstraint.m in Sources */,
				4437E5961D2B9EBE00A653FE /* JPCGPath.m in Sources */,
				4437E5931D2B9EBE00A653FE /* JPCGContext.m in Sources */,
				4432D45A1D2E0180003D118E /* Person.m in Sources */,
				4437E58B1D2B9EBE00A653FE /* types.c in Sources */,
				4437E58A1D2B9EBE00A653FE /* raw_api.c in Sources */,
				44C1CD401D2F865B003FEE07 /* ViewController+MASAdditions.m in Sources */,
				4437E5881D2B9EBE00A653FE /* trampoline_armv7.S in Sources */,
				4437E5841D2B9EBE00A653FE /* ffi_arm64.c in Sources */,
				4437E5831D2B9EBE00A653FE /* JPStructPointer.m in Sources */,
				4437E5A21D2B9EBE00A653FE /* mztools.c in Sources */,
				44233E4D1D24CAA000732354 /* AppDelegate.m in Sources */,
				4437E5971D2B9EBE00A653FE /* JPCGTransform.m in Sources */,
				44C1CD3B1D2F865B003FEE07 /* MASViewAttribute.m in Sources */,
				4437E5951D2B9EBE00A653FE /* JPCGImage.m in Sources */,
				44C1CD381D2F865B003FEE07 /* MASConstraint.m in Sources */,
				44FBA53B1D3E22D00024C780 /* BBRSACryptor.m in Sources */,
				44233E4A1D24CAA000732354 /* main.m in Sources */,
				4437E5821D2B9EBE00A653FE /* JPMemory.m in Sources */,
				4437E5871D2B9EBE00A653FE /* sysv_armv7.S in Sources */,
				44C1CD391D2F865B003FEE07 /* MASConstraintMaker.m in Sources */,
				4437E59B1D2B9EBE00A653FE /* JPUIImage.m in Sources */,
				4437E5A31D2B9EBE00A653FE /* unzip.c in Sources */,
				4437E5811D2B9EBE00A653FE /* JPCFunction.m in Sources */,
				4437E5851D2B9EBE00A653FE /* sysv_arm64.S in Sources */,
				4437E5A51D2B9EBE00A653FE /* RSAObject.m in Sources */,
				4437E5A41D2B9EBE00A653FE /* zip.c in Sources */,
				4437E5861D2B9EBE00A653FE /* ffi_armv7.c in Sources */,
				4437E5A11D2B9EBE00A653FE /* ioapi.c in Sources */,
				4437E58C1D2B9EBE00A653FE /* darwin64_x86_64.S in Sources */,
				44C1CD3E1D2F865B003FEE07 /* NSLayoutConstraint+MASDebugAdditions.m in Sources */,
				4437E59E1D2B9EBE00A653FE /* JPLocker.m in Sources */,
				4437E5981D2B9EBE00A653FE /* JPCoreGraphics.m in Sources */,
				4437E59D1D2B9EBE00A653FE /* JPCleaner.m in Sources */,
			);
			runOnlyForDeploymentPostprocessing = 0;
		};
/* End PBXSourcesBuildPhase section */

/* Begin XCBuildConfiguration section */
		44233E5A1D24CAA000732354 /* Debug */ = {
			isa = XCBuildConfiguration;
			buildSettings = {
				ALWAYS_SEARCH_USER_PATHS = NO;
				CLANG_ANALYZER_NONNULL = YES;
				CLANG_CXX_LANGUAGE_STANDARD = "gnu++0x";
				CLANG_CXX_LIBRARY = "libc++";
				CLANG_ENABLE_MODULES = YES;
				CLANG_ENABLE_OBJC_ARC = YES;
				CLANG_WARN_BOOL_CONVERSION = YES;
				CLANG_WARN_CONSTANT_CONVERSION = YES;
				CLANG_WARN_DIRECT_OBJC_ISA_USAGE = YES_ERROR;
				CLANG_WARN_EMPTY_BODY = YES;
				CLANG_WARN_ENUM_CONVERSION = YES;
				CLANG_WARN_INT_CONVERSION = YES;
				CLANG_WARN_OBJC_ROOT_CLASS = YES_ERROR;
				CLANG_WARN_UNREACHABLE_CODE = YES;
				CLANG_WARN__DUPLICATE_METHOD_MATCH = YES;
				"CODE_SIGN_IDENTITY[sdk=iphoneos*]" = "iPhone Developer";
				COPY_PHASE_STRIP = NO;
				DEBUG_INFORMATION_FORMAT = dwarf;
				ENABLE_STRICT_OBJC_MSGSEND = YES;
				ENABLE_TESTABILITY = YES;
				GCC_C_LANGUAGE_STANDARD = gnu99;
				GCC_DYNAMIC_NO_PIC = NO;
				GCC_NO_COMMON_BLOCKS = YES;
				GCC_OPTIMIZATION_LEVEL = 0;
				GCC_PREPROCESSOR_DEFINITIONS = (
					"DEBUG=1",
					"$(inherited)",
				);
				GCC_WARN_64_TO_32_BIT_CONVERSION = YES;
				GCC_WARN_ABOUT_RETURN_TYPE = YES_ERROR;
				GCC_WARN_UNDECLARED_SELECTOR = YES;
				GCC_WARN_UNINITIALIZED_AUTOS = YES_AGGRESSIVE;
				GCC_WARN_UNUSED_FUNCTION = YES;
				GCC_WARN_UNUSED_VARIABLE = YES;
				IPHONEOS_DEPLOYMENT_TARGET = 9.3;
				MTL_ENABLE_DEBUG_INFO = YES;
				ONLY_ACTIVE_ARCH = YES;
				SDKROOT = iphoneos;
			};
			name = Debug;
		};
		44233E5B1D24CAA000732354 /* Release */ = {
			isa = XCBuildConfiguration;
			buildSettings = {
				ALWAYS_SEARCH_USER_PATHS = NO;
				CLANG_ANALYZER_NONNULL = YES;
				CLANG_CXX_LANGUAGE_STANDARD = "gnu++0x";
				CLANG_CXX_LIBRARY = "libc++";
				CLANG_ENABLE_MODULES = YES;
				CLANG_ENABLE_OBJC_ARC = YES;
				CLANG_WARN_BOOL_CONVERSION = YES;
				CLANG_WARN_CONSTANT_CONVERSION = YES;
				CLANG_WARN_DIRECT_OBJC_ISA_USAGE = YES_ERROR;
				CLANG_WARN_EMPTY_BODY = YES;
				CLANG_WARN_ENUM_CONVERSION = YES;
				CLANG_WARN_INT_CONVERSION = YES;
				CLANG_WARN_OBJC_ROOT_CLASS = YES_ERROR;
				CLANG_WARN_UNREACHABLE_CODE = YES;
				CLANG_WARN__DUPLICATE_METHOD_MATCH = YES;
				"CODE_SIGN_IDENTITY[sdk=iphoneos*]" = "iPhone Developer";
				COPY_PHASE_STRIP = NO;
				DEBUG_INFORMATION_FORMAT = "dwarf-with-dsym";
				ENABLE_NS_ASSERTIONS = NO;
				ENABLE_STRICT_OBJC_MSGSEND = YES;
				GCC_C_LANGUAGE_STANDARD = gnu99;
				GCC_NO_COMMON_BLOCKS = YES;
				GCC_WARN_64_TO_32_BIT_CONVERSION = YES;
				GCC_WARN_ABOUT_RETURN_TYPE = YES_ERROR;
				GCC_WARN_UNDECLARED_SELECTOR = YES;
				GCC_WARN_UNINITIALIZED_AUTOS = YES_AGGRESSIVE;
				GCC_WARN_UNUSED_FUNCTION = YES;
				GCC_WARN_UNUSED_VARIABLE = YES;
				IPHONEOS_DEPLOYMENT_TARGET = 9.3;
				MTL_ENABLE_DEBUG_INFO = NO;
				SDKROOT = iphoneos;
				VALIDATE_PRODUCT = YES;
			};
			name = Release;
		};
		44233E5D1D24CAA000732354 /* Debug */ = {
			isa = XCBuildConfiguration;
			buildSettings = {
				ASSETCATALOG_COMPILER_APPICON_NAME = AppIcon;
				ASSETCATALOG_COMPILER_LAUNCHIMAGE_NAME = LaunchImage;
				CODE_SIGN_IDENTITY = "iPhone Developer: zhang weiwei (NNRDZ22SDG)";
				INFOPLIST_FILE = JSPatchExpress/Info.plist;
				IPHONEOS_DEPLOYMENT_TARGET = 8.0;
				LD_RUNPATH_SEARCH_PATHS = "$(inherited) @executable_path/Frameworks";
				LIBRARY_SEARCH_PATHS = (
					"$(inherited)",
					"$(PROJECT_DIR)/JSPatchExpress/BBRSACryptor/OpenSSL/lib",
				);
				ONLY_ACTIVE_ARCH = NO;
				PRODUCT_BUNDLE_IDENTIFIER = com.suning.JSPatchExpress;
				PRODUCT_NAME = "$(TARGET_NAME)";
				PROVISIONING_PROFILE = "8ae9363d-35cf-447f-9352-e9e2c709938f";
			};
			name = Debug;
		};
		44233E5E1D24CAA000732354 /* Release */ = {
			isa = XCBuildConfiguration;
			buildSettings = {
				ASSETCATALOG_COMPILER_APPICON_NAME = AppIcon;
				ASSETCATALOG_COMPILER_LAUNCHIMAGE_NAME = LaunchImage;
				CODE_SIGN_IDENTITY = "iPhone Developer: zhang weiwei (NNRDZ22SDG)";
				INFOPLIST_FILE = JSPatchExpress/Info.plist;
				IPHONEOS_DEPLOYMENT_TARGET = 8.0;
				LD_RUNPATH_SEARCH_PATHS = "$(inherited) @executable_path/Frameworks";
				LIBRARY_SEARCH_PATHS = (
					"$(inherited)",
					"$(PROJECT_DIR)/JSPatchExpress/BBRSACryptor/OpenSSL/lib",
				);
				ONLY_ACTIVE_ARCH = NO;
				PRODUCT_BUNDLE_IDENTIFIER = com.suning.JSPatchExpress;
				PRODUCT_NAME = "$(TARGET_NAME)";
				PROVISIONING_PROFILE = "8ae9363d-35cf-447f-9352-e9e2c709938f";
			};
			name = Release;
		};
/* End XCBuildConfiguration section */

/* Begin XCConfigurationList section */
		44233E401D24CAA000732354 /* Build configuration list for PBXProject "JSPatchExpress" */ = {
			isa = XCConfigurationList;
			buildConfigurations = (
				44233E5A1D24CAA000732354 /* Debug */,
				44233E5B1D24CAA000732354 /* Release */,
			);
			defaultConfigurationIsVisible = 0;
			defaultConfigurationName = Release;
		};
		44233E5C1D24CAA000732354 /* Build configuration list for PBXNativeTarget "JSPatchExpress" */ = {
			isa = XCConfigurationList;
			buildConfigurations = (
				44233E5D1D24CAA000732354 /* Debug */,
				44233E5E1D24CAA000732354 /* Release */,
			);
			defaultConfigurationIsVisible = 0;
			defaultConfigurationName = Release;
		};
/* End XCConfigurationList section */
	};
	rootObject = 44233E3D1D24CAA000732354 /* Project object */;
}
